// !$*UTF8*$!
{
	archiveVersion = 1;
	classes = {
	};
	objectVersion = 50;
	objects = {

/* Begin PBXBuildFile section */
		8D06FF7C26EADC6500782CD8 /* AppDelegate.swift in Sources */ = {isa = PBXBuildFile; fileRef = 8D06FF7B26EADC6500782CD8 /* AppDelegate.swift */; };
		8D06FF7E26EADC6500782CD8 /* SceneDelegate.swift in Sources */ = {isa = PBXBuildFile; fileRef = 8D06FF7D26EADC6500782CD8 /* SceneDelegate.swift */; };
		8D06FF8026EADC6500782CD8 /* ViewController.swift in Sources */ = {isa = PBXBuildFile; fileRef = 8D06FF7F26EADC6500782CD8 /* ViewController.swift */; };
		8D06FF8326EADC6500782CD8 /* Main.storyboard in Resources */ = {isa = PBXBuildFile; fileRef = 8D06FF8126EADC6500782CD8 /* Main.storyboard */; };
		8D06FF8526EADC6500782CD8 /* Assets.xcassets in Resources */ = {isa = PBXBuildFile; fileRef = 8D06FF8426EADC6500782CD8 /* Assets.xcassets */; };
		8D06FF8826EADC6500782CD8 /* LaunchScreen.storyboard in Resources */ = {isa = PBXBuildFile; fileRef = 8D06FF8626EADC6500782CD8 /* LaunchScreen.storyboard */; };
		8D06FF9326EADC6500782CD8 /* CaritappTests.swift in Sources */ = {isa = PBXBuildFile; fileRef = 8D06FF9226EADC6500782CD8 /* CaritappTests.swift */; };
		8D06FF9E26EADC6500782CD8 /* CaritappUITests.swift in Sources */ = {isa = PBXBuildFile; fileRef = 8D06FF9D26EADC6500782CD8 /* CaritappUITests.swift */; };
/* End PBXBuildFile section */

/* Begin PBXContainerItemProxy section */
		8D06FF8F26EADC6500782CD8 /* PBXContainerItemProxy */ = {
			isa = PBXContainerItemProxy;
			containerPortal = 8D06FF7026EADC6400782CD8 /* Project object */;
			proxyType = 1;
			remoteGlobalIDString = 8D06FF7726EADC6500782CD8;
			remoteInfo = Caritapp;
		};
		8D06FF9A26EADC6500782CD8 /* PBXContainerItemProxy */ = {
			isa = PBXContainerItemProxy;
			containerPortal = 8D06FF7026EADC6400782CD8 /* Project object */;
			proxyType = 1;
			remoteGlobalIDString = 8D06FF7726EADC6500782CD8;
			remoteInfo = Caritapp;
		};
/* End PBXContainerItemProxy section */

/* Begin PBXFileReference section */
		8D06FF7826EADC6500782CD8 /* Caritapp.app */ = {isa = PBXFileReference; explicitFileType = wrapper.application; includeInIndex = 0; path = Caritapp.app; sourceTree = BUILT_PRODUCTS_DIR; };
		8D06FF7B26EADC6500782CD8 /* AppDelegate.swift */ = {isa = PBXFileReference; lastKnownFileType = sourcecode.swift; path = AppDelegate.swift; sourceTree = "<group>"; };
		8D06FF7D26EADC6500782CD8 /* SceneDelegate.swift */ = {isa = PBXFileReference; lastKnownFileType = sourcecode.swift; path = SceneDelegate.swift; sourceTree = "<group>"; };
		8D06FF7F26EADC6500782CD8 /* ViewController.swift */ = {isa = PBXFileReference; lastKnownFileType = sourcecode.swift; path = ViewController.swift; sourceTree = "<group>"; };
		8D06FF8226EADC6500782CD8 /* Base */ = {isa = PBXFileReference; lastKnownFileType = file.storyboard; name = Base; path = Base.lproj/Main.storyboard; sourceTree = "<group>"; };
		8D06FF8426EADC6500782CD8 /* Assets.xcassets */ = {isa = PBXFileReference; lastKnownFileType = folder.assetcatalog; path = Assets.xcassets; sourceTree = "<group>"; };
		8D06FF8726EADC6500782CD8 /* Base */ = {isa = PBXFileReference; lastKnownFileType = file.storyboard; name = Base; path = Base.lproj/LaunchScreen.storyboard; sourceTree = "<group>"; };
		8D06FF8926EADC6500782CD8 /* Info.plist */ = {isa = PBXFileReference; lastKnownFileType = text.plist.xml; path = Info.plist; sourceTree = "<group>"; };
		8D06FF8E26EADC6500782CD8 /* CaritappTests.xctest */ = {isa = PBXFileReference; explicitFileType = wrapper.cfbundle; includeInIndex = 0; path = CaritappTests.xctest; sourceTree = BUILT_PRODUCTS_DIR; };
		8D06FF9226EADC6500782CD8 /* CaritappTests.swift */ = {isa = PBXFileReference; lastKnownFileType = sourcecode.swift; path = CaritappTests.swift; sourceTree = "<group>"; };
		8D06FF9426EADC6500782CD8 /* Info.plist */ = {isa = PBXFileReference; lastKnownFileType = text.plist.xml; path = Info.plist; sourceTree = "<group>"; };
		8D06FF9926EADC6500782CD8 /* CaritappUITests.xctest */ = {isa = PBXFileReference; explicitFileType = wrapper.cfbundle; includeInIndex = 0; path = CaritappUITests.xctest; sourceTree = BUILT_PRODUCTS_DIR; };
		8D06FF9D26EADC6500782CD8 /* CaritappUITests.swift */ = {isa = PBXFileReference; lastKnownFileType = sourcecode.swift; path = CaritappUITests.swift; sourceTree = "<group>"; };
		8D06FF9F26EADC6500782CD8 /* Info.plist */ = {isa = PBXFileReference; lastKnownFileType = text.plist.xml; path = Info.plist; sourceTree = "<group>"; };
/* End PBXFileReference section */

/* Begin PBXFrameworksBuildPhase section */
		8D06FF7526EADC6500782CD8 /* Frameworks */ = {
			isa = PBXFrameworksBuildPhase;
			buildActionMask = 2147483647;
			files = (
			);
			runOnlyForDeploymentPostprocessing = 0;
		};
		8D06FF8B26EADC6500782CD8 /* Frameworks */ = {
			isa = PBXFrameworksBuildPhase;
			buildActionMask = 2147483647;
			files = (
			);
			runOnlyForDeploymentPostprocessing = 0;
		};
		8D06FF9626EADC6500782CD8 /* Frameworks */ = {
			isa = PBXFrameworksBuildPhase;
			buildActionMask = 2147483647;
			files = (
			);
			runOnlyForDeploymentPostprocessing = 0;
		};
/* End PBXFrameworksBuildPhase section */

/* Begin PBXGroup section */
		8D06FF6F26EADC6400782CD8 = {
			isa = PBXGroup;
			children = (
				8D06FF7A26EADC6500782CD8 /* Caritapp */,
				8D06FF9126EADC6500782CD8 /* CaritappTests */,
				8D06FF9C26EADC6500782CD8 /* CaritappUITests */,
				8D06FF7926EADC6500782CD8 /* Products */,
			);
			sourceTree = "<group>";
		};
		8D06FF7926EADC6500782CD8 /* Products */ = {
			isa = PBXGroup;
			children = (
				8D06FF7826EADC6500782CD8 /* Caritapp.app */,
				8D06FF8E26EADC6500782CD8 /* CaritappTests.xctest */,
				8D06FF9926EADC6500782CD8 /* CaritappUITests.xctest */,
			);
			name = Products;
			sourceTree = "<group>";
		};
		8D06FF7A26EADC6500782CD8 /* Caritapp */ = {
			isa = PBXGroup;
			children = (
				8D06FF7B26EADC6500782CD8 /* AppDelegate.swift */,
				8D06FF7D26EADC6500782CD8 /* SceneDelegate.swift */,
				8D06FF7F26EADC6500782CD8 /* ViewController.swift */,
				8D06FF8126EADC6500782CD8 /* Main.storyboard */,
				8D06FF8426EADC6500782CD8 /* Assets.xcassets */,
				8D06FF8626EADC6500782CD8 /* LaunchScreen.storyboard */,
				8D06FF8926EADC6500782CD8 /* Info.plist */,
			);
			path = Caritapp;
			sourceTree = "<group>";
		};
		8D06FF9126EADC6500782CD8 /* CaritappTests */ = {
			isa = PBXGroup;
			children = (
				8D06FF9226EADC6500782CD8 /* CaritappTests.swift */,
				8D06FF9426EADC6500782CD8 /* Info.plist */,
			);
			path = CaritappTests;
			sourceTree = "<group>";
		};
		8D06FF9C26EADC6500782CD8 /* CaritappUITests */ = {
			isa = PBXGroup;
			children = (
				8D06FF9D26EADC6500782CD8 /* CaritappUITests.swift */,
				8D06FF9F26EADC6500782CD8 /* Info.plist */,
			);
			path = CaritappUITests;
			sourceTree = "<group>";
		};
/* End PBXGroup section */

/* Begin PBXNativeTarget section */
		8D06FF7726EADC6500782CD8 /* Caritapp */ = {
			isa = PBXNativeTarget;
			buildConfigurationList = 8D06FFA226EADC6500782CD8 /* Build configuration list for PBXNativeTarget "Caritapp" */;
			buildPhases = (
				8D06FF7426EADC6500782CD8 /* Sources */,
				8D06FF7526EADC6500782CD8 /* Frameworks */,
				8D06FF7626EADC6500782CD8 /* Resources */,
			);
			buildRules = (
			);
			dependencies = (
			);
			name = Caritapp;
			productName = Caritapp;
			productReference = 8D06FF7826EADC6500782CD8 /* Caritapp.app */;
			productType = "com.apple.product-type.application";
		};
		8D06FF8D26EADC6500782CD8 /* CaritappTests */ = {
			isa = PBXNativeTarget;
			buildConfigurationList = 8D06FFA526EADC6500782CD8 /* Build configuration list for PBXNativeTarget "CaritappTests" */;
			buildPhases = (
				8D06FF8A26EADC6500782CD8 /* Sources */,
				8D06FF8B26EADC6500782CD8 /* Frameworks */,
				8D06FF8C26EADC6500782CD8 /* Resources */,
			);
			buildRules = (
			);
			dependencies = (
				8D06FF9026EADC6500782CD8 /* PBXTargetDependency */,
			);
			name = CaritappTests;
			productName = CaritappTests;
			productReference = 8D06FF8E26EADC6500782CD8 /* CaritappTests.xctest */;
			productType = "com.apple.product-type.bundle.unit-test";
		};
		8D06FF9826EADC6500782CD8 /* CaritappUITests */ = {
			isa = PBXNativeTarget;
			buildConfigurationList = 8D06FFA826EADC6500782CD8 /* Build configuration list for PBXNativeTarget "CaritappUITests" */;
			buildPhases = (
				8D06FF9526EADC6500782CD8 /* Sources */,
				8D06FF9626EADC6500782CD8 /* Frameworks */,
				8D06FF9726EADC6500782CD8 /* Resources */,
			);
			buildRules = (
			);
			dependencies = (
				8D06FF9B26EADC6500782CD8 /* PBXTargetDependency */,
			);
			name = CaritappUITests;
			productName = CaritappUITests;
			productReference = 8D06FF9926EADC6500782CD8 /* CaritappUITests.xctest */;
			productType = "com.apple.product-type.bundle.ui-testing";
		};
/* End PBXNativeTarget section */

/* Begin PBXProject section */
		8D06FF7026EADC6400782CD8 /* Project object */ = {
			isa = PBXProject;
			attributes = {
				LastSwiftUpdateCheck = 1240;
				LastUpgradeCheck = 1240;
				TargetAttributes = {
					8D06FF7726EADC6500782CD8 = {
						CreatedOnToolsVersion = 12.4;
					};
					8D06FF8D26EADC6500782CD8 = {
						CreatedOnToolsVersion = 12.4;
						TestTargetID = 8D06FF7726EADC6500782CD8;
					};
					8D06FF9826EADC6500782CD8 = {
						CreatedOnToolsVersion = 12.4;
						TestTargetID = 8D06FF7726EADC6500782CD8;
					};
				};
			};
			buildConfigurationList = 8D06FF7326EADC6400782CD8 /* Build configuration list for PBXProject "Caritapp" */;
			compatibilityVersion = "Xcode 9.3";
			developmentRegion = en;
			hasScannedForEncodings = 0;
			knownRegions = (
				en,
				Base,
			);
			mainGroup = 8D06FF6F26EADC6400782CD8;
			productRefGroup = 8D06FF7926EADC6500782CD8 /* Products */;
			projectDirPath = "";
			projectRoot = "";
			targets = (
				8D06FF7726EADC6500782CD8 /* Caritapp */,
				8D06FF8D26EADC6500782CD8 /* CaritappTests */,
				8D06FF9826EADC6500782CD8 /* CaritappUITests */,
			);
		};
/* End PBXProject section */

/* Begin PBXResourcesBuildPhase section */
		8D06FF7626EADC6500782CD8 /* Resources */ = {
			isa = PBXResourcesBuildPhase;
			buildActionMask = 2147483647;
			files = (
				8D06FF8826EADC6500782CD8 /* LaunchScreen.storyboard in Resources */,
				8D06FF8526EADC6500782CD8 /* Assets.xcassets in Resources */,
				8D06FF8326EADC6500782CD8 /* Main.storyboard in Resources */,
			);
			runOnlyForDeploymentPostprocessing = 0;
		};
		8D06FF8C26EADC6500782CD8 /* Resources */ = {
			isa = PBXResourcesBuildPhase;
			buildActionMask = 2147483647;
			files = (
			);
			runOnlyForDeploymentPostprocessing = 0;
		};
		8D06FF9726EADC6500782CD8 /* Resources */ = {
			isa = PBXResourcesBuildPhase;
			buildActionMask = 2147483647;
			files = (
			);
			runOnlyForDeploymentPostprocessing = 0;
		};
/* End PBXResourcesBuildPhase section */

/* Begin PBXSourcesBuildPhase section */
		8D06FF7426EADC6500782CD8 /* Sources */ = {
			isa = PBXSourcesBuildPhase;
			buildActionMask = 2147483647;
			files = (
				8D06FF8026EADC6500782CD8 /* ViewController.swift in Sources */,
				8D06FF7C26EADC6500782CD8 /* AppDelegate.swift in Sources */,
				8D06FF7E26EADC6500782CD8 /* SceneDelegate.swift in Sources */,
			);
			runOnlyForDeploymentPostprocessing = 0;
		};
		8D06FF8A26EADC6500782CD8 /* Sources */ = {
			isa = PBXSourcesBuildPhase;
			buildActionMask = 2147483647;
			files = (
				8D06FF9326EADC6500782CD8 /* CaritappTests.swift in Sources */,
			);
			runOnlyForDeploymentPostprocessing = 0;
		};
		8D06FF9526EADC6500782CD8 /* Sources */ = {
			isa = PBXSourcesBuildPhase;
			buildActionMask = 2147483647;
			files = (
				8D06FF9E26EADC6500782CD8 /* CaritappUITests.swift in Sources */,
			);
			runOnlyForDeploymentPostprocessing = 0;
		};
/* End PBXSourcesBuildPhase section */

/* Begin PBXTargetDependency section */
		8D06FF9026EADC6500782CD8 /* PBXTargetDependency */ = {
			isa = PBXTargetDependency;
			target = 8D06FF7726EADC6500782CD8 /* Caritapp */;
			targetProxy = 8D06FF8F26EADC6500782CD8 /* PBXContainerItemProxy */;
		};
		8D06FF9B26EADC6500782CD8 /* PBXTargetDependency */ = {
			isa = PBXTargetDependency;
			target = 8D06FF7726EADC6500782CD8 /* Caritapp */;
			targetProxy = 8D06FF9A26EADC6500782CD8 /* PBXContainerItemProxy */;
		};
/* End PBXTargetDependency section */

/* Begin PBXVariantGroup section */
		8D06FF8126EADC6500782CD8 /* Main.storyboard */ = {
			isa = PBXVariantGroup;
			children = (
				8D06FF8226EADC6500782CD8 /* Base */,
			);
			name = Main.storyboard;
			sourceTree = "<group>";
		};
		8D06FF8626EADC6500782CD8 /* LaunchScreen.storyboard */ = {
			isa = PBXVariantGroup;
			children = (
				8D06FF8726EADC6500782CD8 /* Base */,
			);
			name = LaunchScreen.storyboard;
			sourceTree = "<group>";
		};
/* End PBXVariantGroup section */

/* Begin XCBuildConfiguration section */
		8D06FFA026EADC6500782CD8 /* Debug */ = {
			isa = XCBuildConfiguration;
			buildSettings = {
				ALWAYS_SEARCH_USER_PATHS = NO;
				CLANG_ANALYZER_NONNULL = YES;
				CLANG_ANALYZER_NUMBER_OBJECT_CONVERSION = YES_AGGRESSIVE;
				CLANG_CXX_LANGUAGE_STANDARD = "gnu++14";
				CLANG_CXX_LIBRARY = "libc++";
				CLANG_ENABLE_MODULES = YES;
				CLANG_ENABLE_OBJC_ARC = YES;
				CLANG_ENABLE_OBJC_WEAK = YES;
				CLANG_WARN_BLOCK_CAPTURE_AUTORELEASING = YES;
				CLANG_WARN_BOOL_CONVERSION = YES;
				CLANG_WARN_COMMA = YES;
				CLANG_WARN_CONSTANT_CONVERSION = YES;
				CLANG_WARN_DEPRECATED_OBJC_IMPLEMENTATIONS = YES;
				CLANG_WARN_DIRECT_OBJC_ISA_USAGE = YES_ERROR;
				CLANG_WARN_DOCUMENTATION_COMMENTS = YES;
				CLANG_WARN_EMPTY_BODY = YES;
				CLANG_WARN_ENUM_CONVERSION = YES;
				CLANG_WARN_INFINITE_RECURSION = YES;
				CLANG_WARN_INT_CONVERSION = YES;
				CLANG_WARN_NON_LITERAL_NULL_CONVERSION = YES;
				CLANG_WARN_OBJC_IMPLICIT_RETAIN_SELF = YES;
				CLANG_WARN_OBJC_LITERAL_CONVERSION = YES;
				CLANG_WARN_OBJC_ROOT_CLASS = YES_ERROR;
				CLANG_WARN_QUOTED_INCLUDE_IN_FRAMEWORK_HEADER = YES;
				CLANG_WARN_RANGE_LOOP_ANALYSIS = YES;
				CLANG_WARN_STRICT_PROTOTYPES = YES;
				CLANG_WARN_SUSPICIOUS_MOVE = YES;
				CLANG_WARN_UNGUARDED_AVAILABILITY = YES_AGGRESSIVE;
				CLANG_WARN_UNREACHABLE_CODE = YES;
				CLANG_WARN__DUPLICATE_METHOD_MATCH = YES;
				COPY_PHASE_STRIP = NO;
				DEBUG_INFORMATION_FORMAT = dwarf;
				ENABLE_STRICT_OBJC_MSGSEND = YES;
				ENABLE_TESTABILITY = YES;
				GCC_C_LANGUAGE_STANDARD = gnu11;
				GCC_DYNAMIC_NO_PIC = NO;
				GCC_NO_COMMON_BLOCKS = YES;
				GCC_OPTIMIZATION_LEVEL = 0;
				GCC_PREPROCESSOR_DEFINITIONS = (
					"DEBUG=1",
					"$(inherited)",
				);
				GCC_WARN_64_TO_32_BIT_CONVERSION = YES;
				GCC_WARN_ABOUT_RETURN_TYPE = YES_ERROR;
				GCC_WARN_UNDECLARED_SELECTOR = YES;
				GCC_WARN_UNINITIALIZED_AUTOS = YES_AGGRESSIVE;
				GCC_WARN_UNUSED_FUNCTION = YES;
				GCC_WARN_UNUSED_VARIABLE = YES;
				IPHONEOS_DEPLOYMENT_TARGET = 14.4;
				MTL_ENABLE_DEBUG_INFO = INCLUDE_SOURCE;
				MTL_FAST_MATH = YES;
				ONLY_ACTIVE_ARCH = YES;
				SDKROOT = iphoneos;
				SWIFT_ACTIVE_COMPILATION_CONDITIONS = DEBUG;
				SWIFT_OPTIMIZATION_LEVEL = "-Onone";
			};
			name = Debug;
		};
		8D06FFA126EADC6500782CD8 /* Release */ = {
			isa = XCBuildConfiguration;
			buildSettings = {
				ALWAYS_SEARCH_USER_PATHS = NO;
				CLANG_ANALYZER_NONNULL = YES;
				CLANG_ANALYZER_NUMBER_OBJECT_CONVERSION = YES_AGGRESSIVE;
				CLANG_CXX_LANGUAGE_STANDARD = "gnu++14";
				CLANG_CXX_LIBRARY = "libc++";
				CLANG_ENABLE_MODULES = YES;
				CLANG_ENABLE_OBJC_ARC = YES;
				CLANG_ENABLE_OBJC_WEAK = YES;
				CLANG_WARN_BLOCK_CAPTURE_AUTORELEASING = YES;
				CLANG_WARN_BOOL_CONVERSION = YES;
				CLANG_WARN_COMMA = YES;
				CLANG_WARN_CONSTANT_CONVERSION = YES;
				CLANG_WARN_DEPRECATED_OBJC_IMPLEMENTATIONS = YES;
				CLANG_WARN_DIRECT_OBJC_ISA_USAGE = YES_ERROR;
				CLANG_WARN_DOCUMENTATION_COMMENTS = YES;
				CLANG_WARN_EMPTY_BODY = YES;
				CLANG_WARN_ENUM_CONVERSION = YES;
				CLANG_WARN_INFINITE_RECURSION = YES;
				CLANG_WARN_INT_CONVERSION = YES;
				CLANG_WARN_NON_LITERAL_NULL_CONVERSION = YES;
				CLANG_WARN_OBJC_IMPLICIT_RETAIN_SELF = YES;
				CLANG_WARN_OBJC_LITERAL_CONVERSION = YES;
				CLANG_WARN_OBJC_ROOT_CLASS = YES_ERROR;
				CLANG_WARN_QUOTED_INCLUDE_IN_FRAMEWORK_HEADER = YES;
				CLANG_WARN_RANGE_LOOP_ANALYSIS = YES;
				CLANG_WARN_STRICT_PROTOTYPES = YES;
				CLANG_WARN_SUSPICIOUS_MOVE = YES;
				CLANG_WARN_UNGUARDED_AVAILABILITY = YES_AGGRESSIVE;
				CLANG_WARN_UNREACHABLE_CODE = YES;
				CLANG_WARN__DUPLICATE_METHOD_MATCH = YES;
				COPY_PHASE_STRIP = NO;
				DEBUG_INFORMATION_FORMAT = "dwarf-with-dsym";
				ENABLE_NS_ASSERTIONS = NO;
				ENABLE_STRICT_OBJC_MSGSEND = YES;
				GCC_C_LANGUAGE_STANDARD = gnu11;
				GCC_NO_COMMON_BLOCKS = YES;
				GCC_WARN_64_TO_32_BIT_CONVERSION = YES;
				GCC_WARN_ABOUT_RETURN_TYPE = YES_ERROR;
				GCC_WARN_UNDECLARED_SELECTOR = YES;
				GCC_WARN_UNINITIALIZED_AUTOS = YES_AGGRESSIVE;
				GCC_WARN_UNUSED_FUNCTION = YES;
				GCC_WARN_UNUSED_VARIABLE = YES;
				IPHONEOS_DEPLOYMENT_TARGET = 14.4;
				MTL_ENABLE_DEBUG_INFO = NO;
				MTL_FAST_MATH = YES;
				SDKROOT = iphoneos;
				SWIFT_COMPILATION_MODE = wholemodule;
				SWIFT_OPTIMIZATION_LEVEL = "-O";
				VALIDATE_PRODUCT = YES;
			};
			name = Release;
		};
		8D06FFA326EADC6500782CD8 /* Debug */ = {
			isa = XCBuildConfiguration;
			buildSettings = {
				ASSETCATALOG_COMPILER_APPICON_NAME = AppIcon;
				ASSETCATALOG_COMPILER_GLOBAL_ACCENT_COLOR_NAME = AccentColor;
				CODE_SIGN_STYLE = Automatic;
				INFOPLIST_FILE = Caritapp/Info.plist;
				IPHONEOS_DEPLOYMENT_TARGET = 14.4;
				LD_RUNPATH_SEARCH_PATHS = (
					"$(inherited)",
					"@executable_path/Frameworks",
				);
				PRODUCT_BUNDLE_IDENTIFIER = com.caritas.app.Caritapp;
				PRODUCT_NAME = "$(TARGET_NAME)";
				SWIFT_VERSION = 5.0;
				TARGETED_DEVICE_FAMILY = "1,2";
			};
			name = Debug;
		};
		8D06FFA426EADC6500782CD8 /* Release */ = {
			isa = XCBuildConfiguration;
			buildSettings = {
				ASSETCATALOG_COMPILER_APPICON_NAME = AppIcon;
				ASSETCATALOG_COMPILER_GLOBAL_ACCENT_COLOR_NAME = AccentColor;
				CODE_SIGN_STYLE = Automatic;
				INFOPLIST_FILE = Caritapp/Info.plist;
				IPHONEOS_DEPLOYMENT_TARGET = 14.4;
				LD_RUNPATH_SEARCH_PATHS = (
					"$(inherited)",
					"@executable_path/Frameworks",
				);
				PRODUCT_BUNDLE_IDENTIFIER = com.caritas.app.Caritapp;
				PRODUCT_NAME = "$(TARGET_NAME)";
				SWIFT_VERSION = 5.0;
				TARGETED_DEVICE_FAMILY = "1,2";
			};
			name = Release;
		};
		8D06FFA626EADC6500782CD8 /* Debug */ = {
			isa = XCBuildConfiguration;
			buildSettings = {
				ALWAYS_EMBED_SWIFT_STANDARD_LIBRARIES = YES;
				BUNDLE_LOADER = "$(TEST_HOST)";
				CODE_SIGN_STYLE = Automatic;
				INFOPLIST_FILE = CaritappTests/Info.plist;
				IPHONEOS_DEPLOYMENT_TARGET = 14.4;
				LD_RUNPATH_SEARCH_PATHS = (
					"$(inherited)",
					"@executable_path/Frameworks",
					"@loader_path/Frameworks",
				);
				PRODUCT_BUNDLE_IDENTIFIER = com.caritas.app.CaritappTests;
				PRODUCT_NAME = "$(TARGET_NAME)";
				SWIFT_VERSION = 5.0;
				TARGETED_DEVICE_FAMILY = "1,2";
				TEST_HOST = "$(BUILT_PRODUCTS_DIR)/Caritapp.app/Caritapp";
			};
			name = Debug;
		};
		8D06FFA726EADC6500782CD8 /* Release */ = {
			isa = XCBuildConfiguration;
			buildSettings = {
				ALWAYS_EMBED_SWIFT_STANDARD_LIBRARIES = YES;
				BUNDLE_LOADER = "$(TEST_HOST)";
				CODE_SIGN_STYLE = Automatic;
				INFOPLIST_FILE = CaritappTests/Info.plist;
				IPHONEOS_DEPLOYMENT_TARGET = 14.4;
				LD_RUNPATH_SEARCH_PATHS = (
					"$(inherited)",
					"@executable_path/Frameworks",
					"@loader_path/Frameworks",
				);
				PRODUCT_BUNDLE_IDENTIFIER = com.caritas.app.CaritappTests;
				PRODUCT_NAME = "$(TARGET_NAME)";
				SWIFT_VERSION = 5.0;
				TARGETED_DEVICE_FAMILY = "1,2";
				TEST_HOST = "$(BUILT_PRODUCTS_DIR)/Caritapp.app/Caritapp";
			};
			name = Release;
		};
		8D06FFA926EADC6500782CD8 /* Debug */ = {
			isa = XCBuildConfiguration;
			buildSettings = {
				ALWAYS_EMBED_SWIFT_STANDARD_LIBRARIES = YES;
				CODE_SIGN_STYLE = Automatic;
				INFOPLIST_FILE = CaritappUITests/Info.plist;
				LD_RUNPATH_SEARCH_PATHS = (
					"$(inherited)",
					"@executable_path/Frameworks",
					"@loader_path/Frameworks",
				);
				PRODUCT_BUNDLE_IDENTIFIER = com.caritas.app.CaritappUITests;
				PRODUCT_NAME = "$(TARGET_NAME)";
				SWIFT_VERSION = 5.0;
				TARGETED_DEVICE_FAMILY = "1,2";
				TEST_TARGET_NAME = Caritapp;
			};
			name = Debug;
		};
		8D06FFAA26EADC6500782CD8 /* Release */ = {
			isa = XCBuildConfiguration;
			buildSettings = {
				ALWAYS_EMBED_SWIFT_STANDARD_LIBRARIES = YES;
				CODE_SIGN_STYLE = Automatic;
				INFOPLIST_FILE = CaritappUITests/Info.plist;
				LD_RUNPATH_SEARCH_PATHS = (
					"$(inherited)",
					"@executable_path/Frameworks",
					"@loader_path/Frameworks",
				);
				PRODUCT_BUNDLE_IDENTIFIER = com.caritas.app.CaritappUITests;
				PRODUCT_NAME = "$(TARGET_NAME)";
				SWIFT_VERSION = 5.0;
				TARGETED_DEVICE_FAMILY = "1,2";
				TEST_TARGET_NAME = Caritapp;
			};
			name = Release;
		};
/* End XCBuildConfiguration section */

/* Begin XCConfigurationList section */
		8D06FF7326EADC6400782CD8 /* Build configuration list for PBXProject "Caritapp" */ = {
			isa = XCConfigurationList;
			buildConfigurations = (
				8D06FFA026EADC6500782CD8 /* Debug */,
				8D06FFA126EADC6500782CD8 /* Release */,
			);
			defaultConfigurationIsVisible = 0;
			defaultConfigurationName = Release;
		};
		8D06FFA226EADC6500782CD8 /* Build configuration list for PBXNativeTarget "Caritapp" */ = {
			isa = XCConfigurationList;
			buildConfigurations = (
				8D06FFA326EADC6500782CD8 /* Debug */,
				8D06FFA426EADC6500782CD8 /* Release */,
			);
			defaultConfigurationIsVisible = 0;
			defaultConfigurationName = Release;
		};
		8D06FFA526EADC6500782CD8 /* Build configuration list for PBXNativeTarget "CaritappTests" */ = {
			isa = XCConfigurationList;
			buildConfigurations = (
				8D06FFA626EADC6500782CD8 /* Debug */,
				8D06FFA726EADC6500782CD8 /* Release */,
			);
			defaultConfigurationIsVisible = 0;
			defaultConfigurationName = Release;
		};
		8D06FFA826EADC6500782CD8 /* Build configuration list for PBXNativeTarget "CaritappUITests" */ = {
			isa = XCConfigurationList;
			buildConfigurations = (
				8D06FFA926EADC6500782CD8 /* Debug */,
				8D06FFAA26EADC6500782CD8 /* Release */,
			);
			defaultConfigurationIsVisible = 0;
			defaultConfigurationName = Release;
		};
/* End XCConfigurationList section */
	};
	rootObject = 8D06FF7026EADC6400782CD8 /* Project object */;
}
