// !$*UTF8*$!
{
	archiveVersion = 1;
	classes = {
	};
	objectVersion = 51;
	objects = {

/* Begin PBXBuildFile section */
		2C24A73027225A7900740B9E /* LineaServiceIntegrationTests.swift in Sources */ = {isa = PBXBuildFile; fileRef = 2C24A72F27225A7900740B9E /* LineaServiceIntegrationTests.swift */; };
		2C24A7382722605500740B9E /* ExportUITests.swift in Sources */ = {isa = PBXBuildFile; fileRef = 2C24A7372722605500740B9E /* ExportUITests.swift */; };
		2CF4F24227121B54004DE3EE /* ExportDonationViewController.swift in Sources */ = {isa = PBXBuildFile; fileRef = 2CF4F24127121B54004DE3EE /* ExportDonationViewController.swift */; };
		2CF4F24727121D4A004DE3EE /* DonationService.swift in Sources */ = {isa = PBXBuildFile; fileRef = 2CF4F24627121D4A004DE3EE /* DonationService.swift */; };
		2CF4F24C271227FF004DE3EE /* DonationServiceIntegrationTests.swift in Sources */ = {isa = PBXBuildFile; fileRef = 2CF4F24B271227FF004DE3EE /* DonationServiceIntegrationTests.swift */; };
		3B3BB3795A1303EB3B9E5395 /* Pods_Caritapp.framework in Frameworks */ = {isa = PBXBuildFile; fileRef = 3C990CE1FBB27DB660FB6D85 /* Pods_Caritapp.framework */; };
		7B8F0C53271CDC42002FD53A /* editStatus.swift in Sources */ = {isa = PBXBuildFile; fileRef = 7B8F0C52271CDC42002FD53A /* editStatus.swift */; };
		7BE74B95271A41A3005D83ED /* EstatusViewCell.swift in Sources */ = {isa = PBXBuildFile; fileRef = 7BE74B94271A41A3005D83ED /* EstatusViewCell.swift */; };
		7BE74B9A271A45F8005D83ED /* EstatusDonacionViewController.swift in Sources */ = {isa = PBXBuildFile; fileRef = 7BE74B99271A45F8005D83ED /* EstatusDonacionViewController.swift */; };
		7BE74B9F271A4643005D83ED /* Status.swift in Sources */ = {isa = PBXBuildFile; fileRef = 7BE74B9E271A4643005D83ED /* Status.swift */; };
		7BE74BA4271A4690005D83ED /* StatusService.swift in Sources */ = {isa = PBXBuildFile; fileRef = 7BE74BA3271A4690005D83ED /* StatusService.swift */; };
		7BE74BA9271A46FD005D83ED /* StatusServiceIntegrationTest.swift in Sources */ = {isa = PBXBuildFile; fileRef = 7BE74BA8271A46FD005D83ED /* StatusServiceIntegrationTest.swift */; };
		8D06FF7C26EADC6500782CD8 /* AppDelegate.swift in Sources */ = {isa = PBXBuildFile; fileRef = 8D06FF7B26EADC6500782CD8 /* AppDelegate.swift */; };
		8D06FF7E26EADC6500782CD8 /* SceneDelegate.swift in Sources */ = {isa = PBXBuildFile; fileRef = 8D06FF7D26EADC6500782CD8 /* SceneDelegate.swift */; };
		8D06FF8026EADC6500782CD8 /* ViewController.swift in Sources */ = {isa = PBXBuildFile; fileRef = 8D06FF7F26EADC6500782CD8 /* ViewController.swift */; };
		8D06FF8326EADC6500782CD8 /* Main.storyboard in Resources */ = {isa = PBXBuildFile; fileRef = 8D06FF8126EADC6500782CD8 /* Main.storyboard */; };
		8D06FF8526EADC6500782CD8 /* Assets.xcassets in Resources */ = {isa = PBXBuildFile; fileRef = 8D06FF8426EADC6500782CD8 /* Assets.xcassets */; };
		8D06FF8826EADC6500782CD8 /* LaunchScreen.storyboard in Resources */ = {isa = PBXBuildFile; fileRef = 8D06FF8626EADC6500782CD8 /* LaunchScreen.storyboard */; };
		8D06FF9326EADC6500782CD8 /* CaritappTests.swift in Sources */ = {isa = PBXBuildFile; fileRef = 8D06FF9226EADC6500782CD8 /* CaritappTests.swift */; };
		8D06FF9E26EADC6500782CD8 /* CaritappUITests.swift in Sources */ = {isa = PBXBuildFile; fileRef = 8D06FF9D26EADC6500782CD8 /* CaritappUITests.swift */; };
		8D0E31C0271E0A210090A959 /* ListDonationViewController.swift in Sources */ = {isa = PBXBuildFile; fileRef = 8D0E31BF271E0A210090A959 /* ListDonationViewController.swift */; };
		8D14B04D272123100053DE16 /* LineaService.swift in Sources */ = {isa = PBXBuildFile; fileRef = 8D14B04C272123100053DE16 /* LineaService.swift */; };
		8D1E360926FE4D8500314A99 /* Donation.swift in Sources */ = {isa = PBXBuildFile; fileRef = 8D1E360826FE4D8500314A99 /* Donation.swift */; };
		8D1E360E26FE4F2100314A99 /* CreateDonationService.swift in Sources */ = {isa = PBXBuildFile; fileRef = 8D1E360D26FE4F2100314A99 /* CreateDonationService.swift */; };
		8D1E66FA26F14B46007BE4D1 /* ListProductsViewController.swift in Sources */ = {isa = PBXBuildFile; fileRef = 8D1E66F926F14B46007BE4D1 /* ListProductsViewController.swift */; };
		8D1E66FF26F14BB8007BE4D1 /* EditProductViewController.swift in Sources */ = {isa = PBXBuildFile; fileRef = 8D1E66FE26F14BB8007BE4D1 /* EditProductViewController.swift */; };
		8D1E670426F14BE5007BE4D1 /* ProductViewController.swift in Sources */ = {isa = PBXBuildFile; fileRef = 8D1E670326F14BE5007BE4D1 /* ProductViewController.swift */; };
		8D1E670926F14C67007BE4D1 /* HomeViewController.swift in Sources */ = {isa = PBXBuildFile; fileRef = 8D1E670826F14C67007BE4D1 /* HomeViewController.swift */; };
		8D1E670E26F14C82007BE4D1 /* HomeDonorViewController.swift in Sources */ = {isa = PBXBuildFile; fileRef = 8D1E670D26F14C82007BE4D1 /* HomeDonorViewController.swift */; };
		8D254205270B660500EC540F /* FileTool.swift in Sources */ = {isa = PBXBuildFile; fileRef = 8D254204270B660500EC540F /* FileTool.swift */; };
		8D25420A270B664200EC540F /* Linea.swift in Sources */ = {isa = PBXBuildFile; fileRef = 8D254209270B664200EC540F /* Linea.swift */; };
		8D55B39A26EAF50C002A4205 /* CreateDonationViewController.swift in Sources */ = {isa = PBXBuildFile; fileRef = 8D55B39926EAF50C002A4205 /* CreateDonationViewController.swift */; };
		8D587C992715154E004DC660 /* CreateDonationServiceIntegrationTest.swift in Sources */ = {isa = PBXBuildFile; fileRef = 8D587C982715154E004DC660 /* CreateDonationServiceIntegrationTest.swift */; };
		8D8B9B7B271E672A006CDD4C /* VerificarMercanciaService.swift in Sources */ = {isa = PBXBuildFile; fileRef = 8D8B9B7A271E672A006CDD4C /* VerificarMercanciaService.swift */; };
		8D9D78282710B083002F5049 /* ImportProductsViewController.swift in Sources */ = {isa = PBXBuildFile; fileRef = 8D9D78272710B083002F5049 /* ImportProductsViewController.swift */; };
		8DACBCDD270F6AC40059BE77 /* appstore.png in Resources */ = {isa = PBXBuildFile; fileRef = 8DACBCDB270F6AC40059BE77 /* appstore.png */; };
		8DACBCDE270F6AC40059BE77 /* playstore.png in Resources */ = {isa = PBXBuildFile; fileRef = 8DACBCDC270F6AC40059BE77 /* playstore.png */; };
		8DC167C02704DD7400AD188F /* CaritappTestsServices.swift in Sources */ = {isa = PBXBuildFile; fileRef = 8DC167BF2704DD7400AD188F /* CaritappTestsServices.swift */; };
		8DC1B256271A0204006D3EB4 /* Donador.swift in Sources */ = {isa = PBXBuildFile; fileRef = 8DC1B255271A0204006D3EB4 /* Donador.swift */; };
		8DDF02E927174F4600214477 /* ListDonationViewCell.swift in Sources */ = {isa = PBXBuildFile; fileRef = 8DDF02E827174F4600214477 /* ListDonationViewCell.swift */; };
		8DDF02F427175CB800214477 /* ListProductsViewCell.swift in Sources */ = {isa = PBXBuildFile; fileRef = 8DDF02F327175CB800214477 /* ListProductsViewCell.swift */; };
		8DF2A7C12717E1FE0080F61A /* ImportProductsTests.swift in Sources */ = {isa = PBXBuildFile; fileRef = 8DF2A7C02717E1FE0080F61A /* ImportProductsTests.swift */; };
		8DF2A7C62717E2CF0080F61A /* FileToolTests.swift in Sources */ = {isa = PBXBuildFile; fileRef = 8DF2A7C52717E2CF0080F61A /* FileToolTests.swift */; };
		A81C2ABD680576BB8C0D1D5B /* Pods_Caritapp_CaritappUITests.framework in Frameworks */ = {isa = PBXBuildFile; fileRef = 57E9AA32944BF09A0D264636 /* Pods_Caritapp_CaritappUITests.framework */; };
		AB31D5112724AD8300D8D25B /* CalendarServicePerformanceTest.swift in Sources */ = {isa = PBXBuildFile; fileRef = AB31D5102724AD8300D8D25B /* CalendarServicePerformanceTest.swift */; };
		AB31D5192724B34000D8D25B /* CalendarUITests.swift in Sources */ = {isa = PBXBuildFile; fileRef = AB31D5182724B34000D8D25B /* CalendarUITests.swift */; };
		AB5BA614271742A600F7E960 /* CalendarTableViewCell.swift in Sources */ = {isa = PBXBuildFile; fileRef = AB5BA613271742A600F7E960 /* CalendarTableViewCell.swift */; };
		AB7EC4622713E60400517C5D /* CalendarServiceIntegrationTest.swift in Sources */ = {isa = PBXBuildFile; fileRef = AB7EC4612713E60400517C5D /* CalendarServiceIntegrationTest.swift */; };
		ABA3F4C92722392E003D3445 /* EntregaTableViewCell.swift in Sources */ = {isa = PBXBuildFile; fileRef = ABA3F4C82722392E003D3445 /* EntregaTableViewCell.swift */; };
		ABA3F4CE27223965003D3445 /* EntregasViewController.swift in Sources */ = {isa = PBXBuildFile; fileRef = ABA3F4CD27223965003D3445 /* EntregasViewController.swift */; };
		ABA3F4D3272239D0003D3445 /* Entrega.swift in Sources */ = {isa = PBXBuildFile; fileRef = ABA3F4D2272239D0003D3445 /* Entrega.swift */; };
		ABA3F4D827223A51003D3445 /* EntregasService.swift in Sources */ = {isa = PBXBuildFile; fileRef = ABA3F4D727223A51003D3445 /* EntregasService.swift */; };
		ABA3F4DD27223ABE003D3445 /* Tienda.swift in Sources */ = {isa = PBXBuildFile; fileRef = ABA3F4DC27223ABE003D3445 /* Tienda.swift */; };
		ABD8515F2712B8DF00FD2B75 /* CalendarService.swift in Sources */ = {isa = PBXBuildFile; fileRef = ABD8515E2712B8DF00FD2B75 /* CalendarService.swift */; };
		ABE8BC2226F7CF7000707223 /* LogInController.swift in Sources */ = {isa = PBXBuildFile; fileRef = ABE8BC2126F7CF7000707223 /* LogInController.swift */; };
		ABE8BC2726F7CF9E00707223 /* CalendarioViewController.swift in Sources */ = {isa = PBXBuildFile; fileRef = ABE8BC2626F7CF9E00707223 /* CalendarioViewController.swift */; };
		D5025C9183BDFEEE9E3340BE /* Pods_CaritappTests.framework in Frameworks */ = {isa = PBXBuildFile; fileRef = 0CB09C06159CD477E2C7688C /* Pods_CaritappTests.framework */; };
/* End PBXBuildFile section */

/* Begin PBXContainerItemProxy section */
		8D06FF8F26EADC6500782CD8 /* PBXContainerItemProxy */ = {
			isa = PBXContainerItemProxy;
			containerPortal = 8D06FF7026EADC6400782CD8 /* Project object */;
			proxyType = 1;
			remoteGlobalIDString = 8D06FF7726EADC6500782CD8;
			remoteInfo = Caritapp;
		};
		8D06FF9A26EADC6500782CD8 /* PBXContainerItemProxy */ = {
			isa = PBXContainerItemProxy;
			containerPortal = 8D06FF7026EADC6400782CD8 /* Project object */;
			proxyType = 1;
			remoteGlobalIDString = 8D06FF7726EADC6500782CD8;
			remoteInfo = Caritapp;
		};
/* End PBXContainerItemProxy section */

/* Begin PBXFileReference section */
		065C834844891B5F583CC3AF /* Pods-CaritappTests.release.xcconfig */ = {isa = PBXFileReference; includeInIndex = 1; lastKnownFileType = text.xcconfig; name = "Pods-CaritappTests.release.xcconfig"; path = "Target Support Files/Pods-CaritappTests/Pods-CaritappTests.release.xcconfig"; sourceTree = "<group>"; };
		0CB09C06159CD477E2C7688C /* Pods_CaritappTests.framework */ = {isa = PBXFileReference; explicitFileType = wrapper.framework; includeInIndex = 0; path = Pods_CaritappTests.framework; sourceTree = BUILT_PRODUCTS_DIR; };
		1B08494E491987AEC538760C /* Pods-Caritapp-CaritappUITests.debug.xcconfig */ = {isa = PBXFileReference; includeInIndex = 1; lastKnownFileType = text.xcconfig; name = "Pods-Caritapp-CaritappUITests.debug.xcconfig"; path = "Target Support Files/Pods-Caritapp-CaritappUITests/Pods-Caritapp-CaritappUITests.debug.xcconfig"; sourceTree = "<group>"; };
		2C24A72F27225A7900740B9E /* LineaServiceIntegrationTests.swift */ = {isa = PBXFileReference; fileEncoding = 4; lastKnownFileType = sourcecode.swift; path = LineaServiceIntegrationTests.swift; sourceTree = "<group>"; };
		2C24A7372722605500740B9E /* ExportUITests.swift */ = {isa = PBXFileReference; lastKnownFileType = sourcecode.swift; path = ExportUITests.swift; sourceTree = "<group>"; };
		2CF4F24127121B54004DE3EE /* ExportDonationViewController.swift */ = {isa = PBXFileReference; lastKnownFileType = sourcecode.swift; path = ExportDonationViewController.swift; sourceTree = "<group>"; };
		2CF4F24627121D4A004DE3EE /* DonationService.swift */ = {isa = PBXFileReference; lastKnownFileType = sourcecode.swift; path = DonationService.swift; sourceTree = "<group>"; };
		2CF4F24B271227FF004DE3EE /* DonationServiceIntegrationTests.swift */ = {isa = PBXFileReference; lastKnownFileType = sourcecode.swift; path = DonationServiceIntegrationTests.swift; sourceTree = "<group>"; };
		36FB522007DCD949A1BAEDA1 /* Pods-CaritappTests.debug.xcconfig */ = {isa = PBXFileReference; includeInIndex = 1; lastKnownFileType = text.xcconfig; name = "Pods-CaritappTests.debug.xcconfig"; path = "Target Support Files/Pods-CaritappTests/Pods-CaritappTests.debug.xcconfig"; sourceTree = "<group>"; };
		3C0EF92B0923608E8DA8365C /* Pods-Caritapp.release.xcconfig */ = {isa = PBXFileReference; includeInIndex = 1; lastKnownFileType = text.xcconfig; name = "Pods-Caritapp.release.xcconfig"; path = "Target Support Files/Pods-Caritapp/Pods-Caritapp.release.xcconfig"; sourceTree = "<group>"; };
		3C990CE1FBB27DB660FB6D85 /* Pods_Caritapp.framework */ = {isa = PBXFileReference; explicitFileType = wrapper.framework; includeInIndex = 0; path = Pods_Caritapp.framework; sourceTree = BUILT_PRODUCTS_DIR; };
		57E9AA32944BF09A0D264636 /* Pods_Caritapp_CaritappUITests.framework */ = {isa = PBXFileReference; explicitFileType = wrapper.framework; includeInIndex = 0; path = Pods_Caritapp_CaritappUITests.framework; sourceTree = BUILT_PRODUCTS_DIR; };
		7B8F0C52271CDC42002FD53A /* editStatus.swift */ = {isa = PBXFileReference; lastKnownFileType = sourcecode.swift; path = editStatus.swift; sourceTree = "<group>"; };
		7BE74B94271A41A3005D83ED /* EstatusViewCell.swift */ = {isa = PBXFileReference; lastKnownFileType = sourcecode.swift; path = EstatusViewCell.swift; sourceTree = "<group>"; };
		7BE74B99271A45F8005D83ED /* EstatusDonacionViewController.swift */ = {isa = PBXFileReference; lastKnownFileType = sourcecode.swift; path = EstatusDonacionViewController.swift; sourceTree = "<group>"; };
		7BE74B9E271A4643005D83ED /* Status.swift */ = {isa = PBXFileReference; lastKnownFileType = sourcecode.swift; path = Status.swift; sourceTree = "<group>"; };
		7BE74BA3271A4690005D83ED /* StatusService.swift */ = {isa = PBXFileReference; lastKnownFileType = sourcecode.swift; path = StatusService.swift; sourceTree = "<group>"; };
		7BE74BA8271A46FD005D83ED /* StatusServiceIntegrationTest.swift */ = {isa = PBXFileReference; lastKnownFileType = sourcecode.swift; path = StatusServiceIntegrationTest.swift; sourceTree = "<group>"; };
		8D06FF7B26EADC6500782CD8 /* AppDelegate.swift */ = {isa = PBXFileReference; lastKnownFileType = sourcecode.swift; path = AppDelegate.swift; sourceTree = "<group>"; };
		8D06FF7D26EADC6500782CD8 /* SceneDelegate.swift */ = {isa = PBXFileReference; lastKnownFileType = sourcecode.swift; path = SceneDelegate.swift; sourceTree = "<group>"; };
		8D06FF7F26EADC6500782CD8 /* ViewController.swift */ = {isa = PBXFileReference; lastKnownFileType = sourcecode.swift; path = ViewController.swift; sourceTree = "<group>"; };
		8D06FF8226EADC6500782CD8 /* Base */ = {isa = PBXFileReference; lastKnownFileType = file.storyboard; name = Base; path = Base.lproj/Main.storyboard; sourceTree = "<group>"; };
		8D06FF8426EADC6500782CD8 /* Assets.xcassets */ = {isa = PBXFileReference; lastKnownFileType = folder.assetcatalog; path = Assets.xcassets; sourceTree = "<group>"; };
		8D06FF8726EADC6500782CD8 /* Base */ = {isa = PBXFileReference; lastKnownFileType = file.storyboard; name = Base; path = Base.lproj/LaunchScreen.storyboard; sourceTree = "<group>"; };
		8D06FF8926EADC6500782CD8 /* Info.plist */ = {isa = PBXFileReference; lastKnownFileType = text.plist.xml; path = Info.plist; sourceTree = "<group>"; };
		8D06FF9226EADC6500782CD8 /* CaritappTests.swift */ = {isa = PBXFileReference; lastKnownFileType = sourcecode.swift; path = CaritappTests.swift; sourceTree = "<group>"; };
		8D06FF9426EADC6500782CD8 /* Info.plist */ = {isa = PBXFileReference; lastKnownFileType = text.plist.xml; path = Info.plist; sourceTree = "<group>"; };
		8D06FF9D26EADC6500782CD8 /* CaritappUITests.swift */ = {isa = PBXFileReference; lastKnownFileType = sourcecode.swift; path = CaritappUITests.swift; sourceTree = "<group>"; };
		8D06FF9F26EADC6500782CD8 /* Info.plist */ = {isa = PBXFileReference; lastKnownFileType = text.plist.xml; path = Info.plist; sourceTree = "<group>"; };
		8D0E31BF271E0A210090A959 /* ListDonationViewController.swift */ = {isa = PBXFileReference; lastKnownFileType = sourcecode.swift; path = ListDonationViewController.swift; sourceTree = "<group>"; };
		8D14B04C272123100053DE16 /* LineaService.swift */ = {isa = PBXFileReference; fileEncoding = 4; lastKnownFileType = sourcecode.swift; path = LineaService.swift; sourceTree = "<group>"; };
		8D1E360826FE4D8500314A99 /* Donation.swift */ = {isa = PBXFileReference; lastKnownFileType = sourcecode.swift; path = Donation.swift; sourceTree = "<group>"; };
		8D1E360D26FE4F2100314A99 /* CreateDonationService.swift */ = {isa = PBXFileReference; lastKnownFileType = sourcecode.swift; path = CreateDonationService.swift; sourceTree = "<group>"; };
		8D1E66F926F14B46007BE4D1 /* ListProductsViewController.swift */ = {isa = PBXFileReference; lastKnownFileType = sourcecode.swift; path = ListProductsViewController.swift; sourceTree = "<group>"; };
		8D1E66FE26F14BB8007BE4D1 /* EditProductViewController.swift */ = {isa = PBXFileReference; lastKnownFileType = sourcecode.swift; path = EditProductViewController.swift; sourceTree = "<group>"; };
		8D1E670326F14BE5007BE4D1 /* ProductViewController.swift */ = {isa = PBXFileReference; lastKnownFileType = sourcecode.swift; path = ProductViewController.swift; sourceTree = "<group>"; };
		8D1E670826F14C67007BE4D1 /* HomeViewController.swift */ = {isa = PBXFileReference; lastKnownFileType = sourcecode.swift; path = HomeViewController.swift; sourceTree = "<group>"; };
		8D1E670D26F14C82007BE4D1 /* HomeDonorViewController.swift */ = {isa = PBXFileReference; lastKnownFileType = sourcecode.swift; path = HomeDonorViewController.swift; sourceTree = "<group>"; };
		8D254201270B65CB00EC540F /* Caritapp.app */ = {isa = PBXFileReference; explicitFileType = wrapper.application; includeInIndex = 0; path = Caritapp.app; sourceTree = BUILT_PRODUCTS_DIR; };
		8D254202270B65CB00EC540F /* CaritappTests.xctest */ = {isa = PBXFileReference; explicitFileType = wrapper.cfbundle; includeInIndex = 0; path = CaritappTests.xctest; sourceTree = BUILT_PRODUCTS_DIR; };
		8D254203270B65CB00EC540F /* CaritappUITests.xctest */ = {isa = PBXFileReference; explicitFileType = wrapper.cfbundle; includeInIndex = 0; path = CaritappUITests.xctest; sourceTree = BUILT_PRODUCTS_DIR; };
		8D254204270B660500EC540F /* FileTool.swift */ = {isa = PBXFileReference; lastKnownFileType = sourcecode.swift; path = FileTool.swift; sourceTree = "<group>"; };
		8D254209270B664200EC540F /* Linea.swift */ = {isa = PBXFileReference; lastKnownFileType = sourcecode.swift; path = Linea.swift; sourceTree = "<group>"; };
		8D55B39926EAF50C002A4205 /* CreateDonationViewController.swift */ = {isa = PBXFileReference; lastKnownFileType = sourcecode.swift; path = CreateDonationViewController.swift; sourceTree = "<group>"; };
		8D587C982715154E004DC660 /* CreateDonationServiceIntegrationTest.swift */ = {isa = PBXFileReference; lastKnownFileType = sourcecode.swift; path = CreateDonationServiceIntegrationTest.swift; sourceTree = "<group>"; };
		8D8B9B7A271E672A006CDD4C /* VerificarMercanciaService.swift */ = {isa = PBXFileReference; lastKnownFileType = sourcecode.swift; path = VerificarMercanciaService.swift; sourceTree = "<group>"; };
		8D9D78272710B083002F5049 /* ImportProductsViewController.swift */ = {isa = PBXFileReference; lastKnownFileType = sourcecode.swift; path = ImportProductsViewController.swift; sourceTree = "<group>"; };
		8DACBCDB270F6AC40059BE77 /* appstore.png */ = {isa = PBXFileReference; lastKnownFileType = image.png; path = appstore.png; sourceTree = "<group>"; };
		8DACBCDC270F6AC40059BE77 /* playstore.png */ = {isa = PBXFileReference; lastKnownFileType = image.png; path = playstore.png; sourceTree = "<group>"; };
		8DC167BF2704DD7400AD188F /* CaritappTestsServices.swift */ = {isa = PBXFileReference; lastKnownFileType = sourcecode.swift; path = CaritappTestsServices.swift; sourceTree = "<group>"; };
		8DC1B255271A0204006D3EB4 /* Donador.swift */ = {isa = PBXFileReference; lastKnownFileType = sourcecode.swift; path = Donador.swift; sourceTree = "<group>"; };
		8DDF02E827174F4600214477 /* ListDonationViewCell.swift */ = {isa = PBXFileReference; lastKnownFileType = sourcecode.swift; path = ListDonationViewCell.swift; sourceTree = "<group>"; };
		8DDF02F327175CB800214477 /* ListProductsViewCell.swift */ = {isa = PBXFileReference; lastKnownFileType = sourcecode.swift; path = ListProductsViewCell.swift; sourceTree = "<group>"; };
		8DF2A7C02717E1FE0080F61A /* ImportProductsTests.swift */ = {isa = PBXFileReference; lastKnownFileType = sourcecode.swift; path = ImportProductsTests.swift; sourceTree = "<group>"; };
		8DF2A7C52717E2CF0080F61A /* FileToolTests.swift */ = {isa = PBXFileReference; lastKnownFileType = sourcecode.swift; path = FileToolTests.swift; sourceTree = "<group>"; };
		AA70F5AAC34B14B49299F86E /* Pods-Caritapp-CaritappUITests.release.xcconfig */ = {isa = PBXFileReference; includeInIndex = 1; lastKnownFileType = text.xcconfig; name = "Pods-Caritapp-CaritappUITests.release.xcconfig"; path = "Target Support Files/Pods-Caritapp-CaritappUITests/Pods-Caritapp-CaritappUITests.release.xcconfig"; sourceTree = "<group>"; };
		AB31D5102724AD8300D8D25B /* CalendarServicePerformanceTest.swift */ = {isa = PBXFileReference; lastKnownFileType = sourcecode.swift; path = CalendarServicePerformanceTest.swift; sourceTree = "<group>"; };
		AB31D5182724B34000D8D25B /* CalendarUITests.swift */ = {isa = PBXFileReference; lastKnownFileType = sourcecode.swift; path = CalendarUITests.swift; sourceTree = "<group>"; };
		AB5BA613271742A600F7E960 /* CalendarTableViewCell.swift */ = {isa = PBXFileReference; lastKnownFileType = sourcecode.swift; path = CalendarTableViewCell.swift; sourceTree = "<group>"; };
		AB7EC4612713E60400517C5D /* CalendarServiceIntegrationTest.swift */ = {isa = PBXFileReference; lastKnownFileType = sourcecode.swift; path = CalendarServiceIntegrationTest.swift; sourceTree = "<group>"; };
		ABA3F4C82722392E003D3445 /* EntregaTableViewCell.swift */ = {isa = PBXFileReference; lastKnownFileType = sourcecode.swift; path = EntregaTableViewCell.swift; sourceTree = "<group>"; };
		ABA3F4CD27223965003D3445 /* EntregasViewController.swift */ = {isa = PBXFileReference; lastKnownFileType = sourcecode.swift; path = EntregasViewController.swift; sourceTree = "<group>"; };
		ABA3F4D2272239D0003D3445 /* Entrega.swift */ = {isa = PBXFileReference; lastKnownFileType = sourcecode.swift; path = Entrega.swift; sourceTree = "<group>"; };
		ABA3F4D727223A51003D3445 /* EntregasService.swift */ = {isa = PBXFileReference; lastKnownFileType = sourcecode.swift; path = EntregasService.swift; sourceTree = "<group>"; };
		ABA3F4DC27223ABE003D3445 /* Tienda.swift */ = {isa = PBXFileReference; lastKnownFileType = sourcecode.swift; path = Tienda.swift; sourceTree = "<group>"; };
		ABD8515E2712B8DF00FD2B75 /* CalendarService.swift */ = {isa = PBXFileReference; lastKnownFileType = sourcecode.swift; path = CalendarService.swift; sourceTree = "<group>"; };
		ABE8BC2126F7CF7000707223 /* LogInController.swift */ = {isa = PBXFileReference; lastKnownFileType = sourcecode.swift; path = LogInController.swift; sourceTree = "<group>"; };
		ABE8BC2626F7CF9E00707223 /* CalendarioViewController.swift */ = {isa = PBXFileReference; lastKnownFileType = sourcecode.swift; path = CalendarioViewController.swift; sourceTree = "<group>"; };
		DAA700FC70D66115B6D44D3A /* Pods-Caritapp.debug.xcconfig */ = {isa = PBXFileReference; includeInIndex = 1; lastKnownFileType = text.xcconfig; name = "Pods-Caritapp.debug.xcconfig"; path = "Target Support Files/Pods-Caritapp/Pods-Caritapp.debug.xcconfig"; sourceTree = "<group>"; };
/* End PBXFileReference section */

/* Begin PBXFrameworksBuildPhase section */
		8D06FF7526EADC6500782CD8 /* Frameworks */ = {
			isa = PBXFrameworksBuildPhase;
			buildActionMask = 2147483647;
			files = (
				3B3BB3795A1303EB3B9E5395 /* Pods_Caritapp.framework in Frameworks */,
			);
			runOnlyForDeploymentPostprocessing = 0;
		};
		8D06FF8B26EADC6500782CD8 /* Frameworks */ = {
			isa = PBXFrameworksBuildPhase;
			buildActionMask = 2147483647;
			files = (
				D5025C9183BDFEEE9E3340BE /* Pods_CaritappTests.framework in Frameworks */,
			);
			runOnlyForDeploymentPostprocessing = 0;
		};
		8D06FF9626EADC6500782CD8 /* Frameworks */ = {
			isa = PBXFrameworksBuildPhase;
			buildActionMask = 2147483647;
			files = (
				A81C2ABD680576BB8C0D1D5B /* Pods_Caritapp_CaritappUITests.framework in Frameworks */,
			);
			runOnlyForDeploymentPostprocessing = 0;
		};
/* End PBXFrameworksBuildPhase section */

/* Begin PBXGroup section */
		707962996EED6FE1FDD8416C /* Frameworks */ = {
			isa = PBXGroup;
			children = (
				3C990CE1FBB27DB660FB6D85 /* Pods_Caritapp.framework */,
				57E9AA32944BF09A0D264636 /* Pods_Caritapp_CaritappUITests.framework */,
				0CB09C06159CD477E2C7688C /* Pods_CaritappTests.framework */,
			);
			name = Frameworks;
			sourceTree = "<group>";
		};
		8D06FF6F26EADC6400782CD8 = {
			isa = PBXGroup;
			children = (
				8D06FF7A26EADC6500782CD8 /* Caritapp */,
				8D06FF9126EADC6500782CD8 /* CaritappTests */,
				8D06FF9C26EADC6500782CD8 /* CaritappUITests */,
				8D254201270B65CB00EC540F /* Caritapp.app */,
				8D254202270B65CB00EC540F /* CaritappTests.xctest */,
				8D254203270B65CB00EC540F /* CaritappUITests.xctest */,
				A64B491EEE93FC653C698284 /* Pods */,
				707962996EED6FE1FDD8416C /* Frameworks */,
			);
			sourceTree = "<group>";
		};
		8D06FF7A26EADC6500782CD8 /* Caritapp */ = {
			isa = PBXGroup;
			children = (
				AB5BA6122717425F00F7E960 /* View */,
				8D55B39926EAF50C002A4205 /* CreateDonationViewController.swift */,
				8D1E66F926F14B46007BE4D1 /* ListProductsViewController.swift */,
				8D1E66FE26F14BB8007BE4D1 /* EditProductViewController.swift */,
				8D1E670326F14BE5007BE4D1 /* ProductViewController.swift */,
				8D1E670826F14C67007BE4D1 /* HomeViewController.swift */,
				7BE74B99271A45F8005D83ED /* EstatusDonacionViewController.swift */,
				8D1E670D26F14C82007BE4D1 /* HomeDonorViewController.swift */,
				ABA3F4CD27223965003D3445 /* EntregasViewController.swift */,
				ABE8BC2126F7CF7000707223 /* LogInController.swift */,
				ABE8BC2626F7CF9E00707223 /* CalendarioViewController.swift */,
				8D06FF7F26EADC6500782CD8 /* ViewController.swift */,
				8D9D78272710B083002F5049 /* ImportProductsViewController.swift */,
				2CF4F24127121B54004DE3EE /* ExportDonationViewController.swift */,
				8DACBCD7270F68B70059BE77 /* Images */,
				8D1E35FF26FE4C2500314A99 /* Model */,
				8D06FF7B26EADC6500782CD8 /* AppDelegate.swift */,
				8D06FF7D26EADC6500782CD8 /* SceneDelegate.swift */,
				8D06FF8126EADC6500782CD8 /* Main.storyboard */,
				8D06FF8426EADC6500782CD8 /* Assets.xcassets */,
				8D06FF8626EADC6500782CD8 /* LaunchScreen.storyboard */,
				8D06FF8926EADC6500782CD8 /* Info.plist */,
				8D0E31BF271E0A210090A959 /* ListDonationViewController.swift */,
				7B8F0C52271CDC42002FD53A /* editStatus.swift */,
			);
			path = Caritapp;
			sourceTree = "<group>";
		};
		8D06FF9126EADC6500782CD8 /* CaritappTests */ = {
			isa = PBXGroup;
			children = (
				2C24A72F27225A7900740B9E /* LineaServiceIntegrationTests.swift */,
				8D06FF9226EADC6500782CD8 /* CaritappTests.swift */,
				8D06FF9426EADC6500782CD8 /* Info.plist */,
				8DC167BF2704DD7400AD188F /* CaritappTestsServices.swift */,
				2CF4F24B271227FF004DE3EE /* DonationServiceIntegrationTests.swift */,
				8D587C982715154E004DC660 /* CreateDonationServiceIntegrationTest.swift */,
				AB7EC4612713E60400517C5D /* CalendarServiceIntegrationTest.swift */,
				8DF2A7C02717E1FE0080F61A /* ImportProductsTests.swift */,
				8DF2A7C52717E2CF0080F61A /* FileToolTests.swift */,
				7BE74BA8271A46FD005D83ED /* StatusServiceIntegrationTest.swift */,
				AB31D5102724AD8300D8D25B /* CalendarServicePerformanceTest.swift */,
			);
			path = CaritappTests;
			sourceTree = "<group>";
		};
		8D06FF9C26EADC6500782CD8 /* CaritappUITests */ = {
			isa = PBXGroup;
			children = (
				2C24A7372722605500740B9E /* ExportUITests.swift */,
				8D06FF9D26EADC6500782CD8 /* CaritappUITests.swift */,
				8D06FF9F26EADC6500782CD8 /* Info.plist */,
				AB31D5182724B34000D8D25B /* CalendarUITests.swift */,
			);
			path = CaritappUITests;
			sourceTree = "<group>";
		};
		8D1E35FF26FE4C2500314A99 /* Model */ = {
			isa = PBXGroup;
			children = (
				8D1E360226FE4C4B00314A99 /* ValueObjects */,
				8D1E360126FE4C3400314A99 /* Services */,
				8D1E360026FE4C2D00314A99 /* Tools */,
			);
			path = Model;
			sourceTree = "<group>";
		};
		8D1E360026FE4C2D00314A99 /* Tools */ = {
			isa = PBXGroup;
			children = (
				8D254204270B660500EC540F /* FileTool.swift */,
			);
			path = Tools;
			sourceTree = "<group>";
		};
		8D1E360126FE4C3400314A99 /* Services */ = {
			isa = PBXGroup;
			children = (
				8D14B04C272123100053DE16 /* LineaService.swift */,
				8D1E360D26FE4F2100314A99 /* CreateDonationService.swift */,
				2CF4F24627121D4A004DE3EE /* DonationService.swift */,
				ABD8515E2712B8DF00FD2B75 /* CalendarService.swift */,
				7BE74BA3271A4690005D83ED /* StatusService.swift */,
				8D8B9B7A271E672A006CDD4C /* VerificarMercanciaService.swift */,
				ABA3F4D727223A51003D3445 /* EntregasService.swift */,
			);
			path = Services;
			sourceTree = "<group>";
		};
		8D1E360226FE4C4B00314A99 /* ValueObjects */ = {
			isa = PBXGroup;
			children = (
				8D1E360826FE4D8500314A99 /* Donation.swift */,
				8D254209270B664200EC540F /* Linea.swift */,
				8DC1B255271A0204006D3EB4 /* Donador.swift */,
				7BE74B9E271A4643005D83ED /* Status.swift */,
				ABA3F4D2272239D0003D3445 /* Entrega.swift */,
				ABA3F4DC27223ABE003D3445 /* Tienda.swift */,
			);
			path = ValueObjects;
			sourceTree = "<group>";
		};
		8DACBCD7270F68B70059BE77 /* Images */ = {
			isa = PBXGroup;
			children = (
				8DACBCDB270F6AC40059BE77 /* appstore.png */,
				8DACBCDC270F6AC40059BE77 /* playstore.png */,
			);
			path = Images;
			sourceTree = "<group>";
		};
		A64B491EEE93FC653C698284 /* Pods */ = {
			isa = PBXGroup;
			children = (
				DAA700FC70D66115B6D44D3A /* Pods-Caritapp.debug.xcconfig */,
				3C0EF92B0923608E8DA8365C /* Pods-Caritapp.release.xcconfig */,
				1B08494E491987AEC538760C /* Pods-Caritapp-CaritappUITests.debug.xcconfig */,
				AA70F5AAC34B14B49299F86E /* Pods-Caritapp-CaritappUITests.release.xcconfig */,
				36FB522007DCD949A1BAEDA1 /* Pods-CaritappTests.debug.xcconfig */,
				065C834844891B5F583CC3AF /* Pods-CaritappTests.release.xcconfig */,
			);
			path = Pods;
			sourceTree = "<group>";
		};
		AB5BA6122717425F00F7E960 /* View */ = {
			isa = PBXGroup;
			children = (
				AB5BA613271742A600F7E960 /* CalendarTableViewCell.swift */,
				8DDF02E827174F4600214477 /* ListDonationViewCell.swift */,
				8DDF02F327175CB800214477 /* ListProductsViewCell.swift */,
				7BE74B94271A41A3005D83ED /* EstatusViewCell.swift */,
				ABA3F4C82722392E003D3445 /* EntregaTableViewCell.swift */,
			);
			path = View;
			sourceTree = "<group>";
		};
/* End PBXGroup section */

/* Begin PBXNativeTarget section */
		8D06FF7726EADC6500782CD8 /* Caritapp */ = {
			isa = PBXNativeTarget;
			buildConfigurationList = 8D06FFA226EADC6500782CD8 /* Build configuration list for PBXNativeTarget "Caritapp" */;
			buildPhases = (
				564DD06AF4B8E8283AD1E9CC /* [CP] Check Pods Manifest.lock */,
				8D06FF7426EADC6500782CD8 /* Sources */,
				8D06FF7526EADC6500782CD8 /* Frameworks */,
				8D06FF7626EADC6500782CD8 /* Resources */,
				C6A505DD2FB39C846AAD2BC3 /* [CP] Embed Pods Frameworks */,
			);
			buildRules = (
			);
			dependencies = (
			);
			name = Caritapp;
			productName = Caritapp;
			productReference = 8D254201270B65CB00EC540F /* Caritapp.app */;
			productType = "com.apple.product-type.application";
		};
		8D06FF8D26EADC6500782CD8 /* CaritappTests */ = {
			isa = PBXNativeTarget;
			buildConfigurationList = 8D06FFA526EADC6500782CD8 /* Build configuration list for PBXNativeTarget "CaritappTests" */;
			buildPhases = (
				2AD2B4A88C30785CD4F62381 /* [CP] Check Pods Manifest.lock */,
				8D06FF8A26EADC6500782CD8 /* Sources */,
				8D06FF8B26EADC6500782CD8 /* Frameworks */,
				8D06FF8C26EADC6500782CD8 /* Resources */,
			);
			buildRules = (
			);
			dependencies = (
				8D06FF9026EADC6500782CD8 /* PBXTargetDependency */,
			);
			name = CaritappTests;
			productName = CaritappTests;
			productReference = 8D254202270B65CB00EC540F /* CaritappTests.xctest */;
			productType = "com.apple.product-type.bundle.unit-test";
		};
		8D06FF9826EADC6500782CD8 /* CaritappUITests */ = {
			isa = PBXNativeTarget;
			buildConfigurationList = 8D06FFA826EADC6500782CD8 /* Build configuration list for PBXNativeTarget "CaritappUITests" */;
			buildPhases = (
				654E5555A0F1E30B3C900627 /* [CP] Check Pods Manifest.lock */,
				8D06FF9526EADC6500782CD8 /* Sources */,
				8D06FF9626EADC6500782CD8 /* Frameworks */,
				8D06FF9726EADC6500782CD8 /* Resources */,
				8CC069C29EF4863E195AF0A4 /* [CP] Embed Pods Frameworks */,
			);
			buildRules = (
			);
			dependencies = (
				8D06FF9B26EADC6500782CD8 /* PBXTargetDependency */,
			);
			name = CaritappUITests;
			productName = CaritappUITests;
			productReference = 8D254203270B65CB00EC540F /* CaritappUITests.xctest */;
			productType = "com.apple.product-type.bundle.ui-testing";
		};
/* End PBXNativeTarget section */

/* Begin PBXProject section */
		8D06FF7026EADC6400782CD8 /* Project object */ = {
			isa = PBXProject;
			attributes = {
				LastSwiftUpdateCheck = 1240;
				LastUpgradeCheck = 1240;
				TargetAttributes = {
					8D06FF7726EADC6500782CD8 = {
						CreatedOnToolsVersion = 12.4;
					};
					8D06FF8D26EADC6500782CD8 = {
						CreatedOnToolsVersion = 12.4;
						TestTargetID = 8D06FF7726EADC6500782CD8;
					};
					8D06FF9826EADC6500782CD8 = {
						CreatedOnToolsVersion = 12.4;
						TestTargetID = 8D06FF7726EADC6500782CD8;
					};
				};
			};
			buildConfigurationList = 8D06FF7326EADC6400782CD8 /* Build configuration list for PBXProject "Caritapp" */;
			compatibilityVersion = "Xcode 9.3";
			developmentRegion = en;
			hasScannedForEncodings = 0;
			knownRegions = (
				en,
				Base,
			);
			mainGroup = 8D06FF6F26EADC6400782CD8;
			productRefGroup = 8D06FF6F26EADC6400782CD8;
			projectDirPath = "";
			projectRoot = "";
			targets = (
				8D06FF7726EADC6500782CD8 /* Caritapp */,
				8D06FF8D26EADC6500782CD8 /* CaritappTests */,
				8D06FF9826EADC6500782CD8 /* CaritappUITests */,
			);
		};
/* End PBXProject section */

/* Begin PBXResourcesBuildPhase section */
		8D06FF7626EADC6500782CD8 /* Resources */ = {
			isa = PBXResourcesBuildPhase;
			buildActionMask = 2147483647;
			files = (
				8D06FF8826EADC6500782CD8 /* LaunchScreen.storyboard in Resources */,
				8DACBCDD270F6AC40059BE77 /* appstore.png in Resources */,
				8D06FF8526EADC6500782CD8 /* Assets.xcassets in Resources */,
				8D06FF8326EADC6500782CD8 /* Main.storyboard in Resources */,
				8DACBCDE270F6AC40059BE77 /* playstore.png in Resources */,
			);
			runOnlyForDeploymentPostprocessing = 0;
		};
		8D06FF8C26EADC6500782CD8 /* Resources */ = {
			isa = PBXResourcesBuildPhase;
			buildActionMask = 2147483647;
			files = (
			);
			runOnlyForDeploymentPostprocessing = 0;
		};
		8D06FF9726EADC6500782CD8 /* Resources */ = {
			isa = PBXResourcesBuildPhase;
			buildActionMask = 2147483647;
			files = (
			);
			runOnlyForDeploymentPostprocessing = 0;
		};
/* End PBXResourcesBuildPhase section */

/* Begin PBXShellScriptBuildPhase section */
		2AD2B4A88C30785CD4F62381 /* [CP] Check Pods Manifest.lock */ = {
			isa = PBXShellScriptBuildPhase;
			buildActionMask = 2147483647;
			files = (
			);
			inputFileListPaths = (
			);
			inputPaths = (
				"${PODS_PODFILE_DIR_PATH}/Podfile.lock",
				"${PODS_ROOT}/Manifest.lock",
			);
			name = "[CP] Check Pods Manifest.lock";
			outputFileListPaths = (
			);
			outputPaths = (
				"$(DERIVED_FILE_DIR)/Pods-CaritappTests-checkManifestLockResult.txt",
			);
			runOnlyForDeploymentPostprocessing = 0;
			shellPath = /bin/sh;
			shellScript = "diff \"${PODS_PODFILE_DIR_PATH}/Podfile.lock\" \"${PODS_ROOT}/Manifest.lock\" > /dev/null\nif [ $? != 0 ] ; then\n    # print error to STDERR\n    echo \"error: The sandbox is not in sync with the Podfile.lock. Run 'pod install' or update your CocoaPods installation.\" >&2\n    exit 1\nfi\n# This output is used by Xcode 'outputs' to avoid re-running this script phase.\necho \"SUCCESS\" > \"${SCRIPT_OUTPUT_FILE_0}\"\n";
			showEnvVarsInLog = 0;
		};
		564DD06AF4B8E8283AD1E9CC /* [CP] Check Pods Manifest.lock */ = {
			isa = PBXShellScriptBuildPhase;
			buildActionMask = 2147483647;
			files = (
			);
			inputFileListPaths = (
			);
			inputPaths = (
				"${PODS_PODFILE_DIR_PATH}/Podfile.lock",
				"${PODS_ROOT}/Manifest.lock",
			);
			name = "[CP] Check Pods Manifest.lock";
			outputFileListPaths = (
			);
			outputPaths = (
				"$(DERIVED_FILE_DIR)/Pods-Caritapp-checkManifestLockResult.txt",
			);
			runOnlyForDeploymentPostprocessing = 0;
			shellPath = /bin/sh;
			shellScript = "diff \"${PODS_PODFILE_DIR_PATH}/Podfile.lock\" \"${PODS_ROOT}/Manifest.lock\" > /dev/null\nif [ $? != 0 ] ; then\n    # print error to STDERR\n    echo \"error: The sandbox is not in sync with the Podfile.lock. Run 'pod install' or update your CocoaPods installation.\" >&2\n    exit 1\nfi\n# This output is used by Xcode 'outputs' to avoid re-running this script phase.\necho \"SUCCESS\" > \"${SCRIPT_OUTPUT_FILE_0}\"\n";
			showEnvVarsInLog = 0;
		};
		654E5555A0F1E30B3C900627 /* [CP] Check Pods Manifest.lock */ = {
			isa = PBXShellScriptBuildPhase;
			buildActionMask = 2147483647;
			files = (
			);
			inputFileListPaths = (
			);
			inputPaths = (
				"${PODS_PODFILE_DIR_PATH}/Podfile.lock",
				"${PODS_ROOT}/Manifest.lock",
			);
			name = "[CP] Check Pods Manifest.lock";
			outputFileListPaths = (
			);
			outputPaths = (
				"$(DERIVED_FILE_DIR)/Pods-Caritapp-CaritappUITests-checkManifestLockResult.txt",
			);
			runOnlyForDeploymentPostprocessing = 0;
			shellPath = /bin/sh;
			shellScript = "diff \"${PODS_PODFILE_DIR_PATH}/Podfile.lock\" \"${PODS_ROOT}/Manifest.lock\" > /dev/null\nif [ $? != 0 ] ; then\n    # print error to STDERR\n    echo \"error: The sandbox is not in sync with the Podfile.lock. Run 'pod install' or update your CocoaPods installation.\" >&2\n    exit 1\nfi\n# This output is used by Xcode 'outputs' to avoid re-running this script phase.\necho \"SUCCESS\" > \"${SCRIPT_OUTPUT_FILE_0}\"\n";
			showEnvVarsInLog = 0;
		};
		8CC069C29EF4863E195AF0A4 /* [CP] Embed Pods Frameworks */ = {
			isa = PBXShellScriptBuildPhase;
			buildActionMask = 2147483647;
			files = (
			);
			inputFileListPaths = (
				"${PODS_ROOT}/Target Support Files/Pods-Caritapp-CaritappUITests/Pods-Caritapp-CaritappUITests-frameworks-${CONFIGURATION}-input-files.xcfilelist",
			);
			name = "[CP] Embed Pods Frameworks";
			outputFileListPaths = (
				"${PODS_ROOT}/Target Support Files/Pods-Caritapp-CaritappUITests/Pods-Caritapp-CaritappUITests-frameworks-${CONFIGURATION}-output-files.xcfilelist",
			);
			runOnlyForDeploymentPostprocessing = 0;
			shellPath = /bin/sh;
			shellScript = "\"${PODS_ROOT}/Target Support Files/Pods-Caritapp-CaritappUITests/Pods-Caritapp-CaritappUITests-frameworks.sh\"\n";
			showEnvVarsInLog = 0;
		};
		C6A505DD2FB39C846AAD2BC3 /* [CP] Embed Pods Frameworks */ = {
			isa = PBXShellScriptBuildPhase;
			buildActionMask = 2147483647;
			files = (
			);
			inputFileListPaths = (
				"${PODS_ROOT}/Target Support Files/Pods-Caritapp/Pods-Caritapp-frameworks-${CONFIGURATION}-input-files.xcfilelist",
			);
			name = "[CP] Embed Pods Frameworks";
			outputFileListPaths = (
				"${PODS_ROOT}/Target Support Files/Pods-Caritapp/Pods-Caritapp-frameworks-${CONFIGURATION}-output-files.xcfilelist",
			);
			runOnlyForDeploymentPostprocessing = 0;
			shellPath = /bin/sh;
			shellScript = "\"${PODS_ROOT}/Target Support Files/Pods-Caritapp/Pods-Caritapp-frameworks.sh\"\n";
			showEnvVarsInLog = 0;
		};
/* End PBXShellScriptBuildPhase section */

/* Begin PBXSourcesBuildPhase section */
		8D06FF7426EADC6500782CD8 /* Sources */ = {
			isa = PBXSourcesBuildPhase;
			buildActionMask = 2147483647;
			files = (
				7B8F0C53271CDC42002FD53A /* editStatus.swift in Sources */,
				7BE74B95271A41A3005D83ED /* EstatusViewCell.swift in Sources */,
				8D25420A270B664200EC540F /* Linea.swift in Sources */,
				8D1E66FF26F14BB8007BE4D1 /* EditProductViewController.swift in Sources */,
				ABA3F4D3272239D0003D3445 /* Entrega.swift in Sources */,
				8DDF02F427175CB800214477 /* ListProductsViewCell.swift in Sources */,
				8DC1B256271A0204006D3EB4 /* Donador.swift in Sources */,
				ABE8BC2226F7CF7000707223 /* LogInController.swift in Sources */,
				8D14B04D272123100053DE16 /* LineaService.swift in Sources */,
				ABE8BC2726F7CF9E00707223 /* CalendarioViewController.swift in Sources */,
				7BE74B9A271A45F8005D83ED /* EstatusDonacionViewController.swift in Sources */,
				8D254205270B660500EC540F /* FileTool.swift in Sources */,
				ABA3F4C92722392E003D3445 /* EntregaTableViewCell.swift in Sources */,
				8D06FF8026EADC6500782CD8 /* ViewController.swift in Sources */,
				8D9D78282710B083002F5049 /* ImportProductsViewController.swift in Sources */,
				8DDF02E927174F4600214477 /* ListDonationViewCell.swift in Sources */,
				ABD8515F2712B8DF00FD2B75 /* CalendarService.swift in Sources */,
				8D1E360926FE4D8500314A99 /* Donation.swift in Sources */,
				ABA3F4CE27223965003D3445 /* EntregasViewController.swift in Sources */,
				AB5BA614271742A600F7E960 /* CalendarTableViewCell.swift in Sources */,
				8D06FF7C26EADC6500782CD8 /* AppDelegate.swift in Sources */,
				7BE74BA4271A4690005D83ED /* StatusService.swift in Sources */,
				8D8B9B7B271E672A006CDD4C /* VerificarMercanciaService.swift in Sources */,
				2CF4F24227121B54004DE3EE /* ExportDonationViewController.swift in Sources */,
				8D1E670E26F14C82007BE4D1 /* HomeDonorViewController.swift in Sources */,
				8D0E31C0271E0A210090A959 /* ListDonationViewController.swift in Sources */,
				2CF4F24727121D4A004DE3EE /* DonationService.swift in Sources */,
				ABA3F4DD27223ABE003D3445 /* Tienda.swift in Sources */,
				8D06FF7E26EADC6500782CD8 /* SceneDelegate.swift in Sources */,
				8D1E360E26FE4F2100314A99 /* CreateDonationService.swift in Sources */,
				8D1E670926F14C67007BE4D1 /* HomeViewController.swift in Sources */,
				7BE74B9F271A4643005D83ED /* Status.swift in Sources */,
				8D1E66FA26F14B46007BE4D1 /* ListProductsViewController.swift in Sources */,
				8D1E670426F14BE5007BE4D1 /* ProductViewController.swift in Sources */,
				ABA3F4D827223A51003D3445 /* EntregasService.swift in Sources */,
				8D55B39A26EAF50C002A4205 /* CreateDonationViewController.swift in Sources */,
			);
			runOnlyForDeploymentPostprocessing = 0;
		};
		8D06FF8A26EADC6500782CD8 /* Sources */ = {
			isa = PBXSourcesBuildPhase;
			buildActionMask = 2147483647;
			files = (
				8DF2A7C12717E1FE0080F61A /* ImportProductsTests.swift in Sources */,
				8D587C992715154E004DC660 /* CreateDonationServiceIntegrationTest.swift in Sources */,
				2CF4F24C271227FF004DE3EE /* DonationServiceIntegrationTests.swift in Sources */,
				8DF2A7C62717E2CF0080F61A /* FileToolTests.swift in Sources */,
				AB7EC4622713E60400517C5D /* CalendarServiceIntegrationTest.swift in Sources */,
				2C24A73027225A7900740B9E /* LineaServiceIntegrationTests.swift in Sources */,
				AB31D5112724AD8300D8D25B /* CalendarServicePerformanceTest.swift in Sources */,
				8DC167C02704DD7400AD188F /* CaritappTestsServices.swift in Sources */,
				7BE74BA9271A46FD005D83ED /* StatusServiceIntegrationTest.swift in Sources */,
				8D06FF9326EADC6500782CD8 /* CaritappTests.swift in Sources */,
			);
			runOnlyForDeploymentPostprocessing = 0;
		};
		8D06FF9526EADC6500782CD8 /* Sources */ = {
			isa = PBXSourcesBuildPhase;
			buildActionMask = 2147483647;
			files = (
				8D06FF9E26EADC6500782CD8 /* CaritappUITests.swift in Sources */,
				2C24A7382722605500740B9E /* ExportUITests.swift in Sources */,
				AB31D5192724B34000D8D25B /* CalendarUITests.swift in Sources */,
			);
			runOnlyForDeploymentPostprocessing = 0;
		};
/* End PBXSourcesBuildPhase section */

/* Begin PBXTargetDependency section */
		8D06FF9026EADC6500782CD8 /* PBXTargetDependency */ = {
			isa = PBXTargetDependency;
			target = 8D06FF7726EADC6500782CD8 /* Caritapp */;
			targetProxy = 8D06FF8F26EADC6500782CD8 /* PBXContainerItemProxy */;
		};
		8D06FF9B26EADC6500782CD8 /* PBXTargetDependency */ = {
			isa = PBXTargetDependency;
			target = 8D06FF7726EADC6500782CD8 /* Caritapp */;
			targetProxy = 8D06FF9A26EADC6500782CD8 /* PBXContainerItemProxy */;
		};
/* End PBXTargetDependency section */

/* Begin PBXVariantGroup section */
		8D06FF8126EADC6500782CD8 /* Main.storyboard */ = {
			isa = PBXVariantGroup;
			children = (
				8D06FF8226EADC6500782CD8 /* Base */,
			);
			name = Main.storyboard;
			sourceTree = "<group>";
		};
		8D06FF8626EADC6500782CD8 /* LaunchScreen.storyboard */ = {
			isa = PBXVariantGroup;
			children = (
				8D06FF8726EADC6500782CD8 /* Base */,
			);
			name = LaunchScreen.storyboard;
			sourceTree = "<group>";
		};
/* End PBXVariantGroup section */

/* Begin XCBuildConfiguration section */
		8D06FFA026EADC6500782CD8 /* Debug */ = {
			isa = XCBuildConfiguration;
			buildSettings = {
				ALWAYS_SEARCH_USER_PATHS = NO;
				CLANG_ANALYZER_NONNULL = YES;
				CLANG_ANALYZER_NUMBER_OBJECT_CONVERSION = YES_AGGRESSIVE;
				CLANG_CXX_LANGUAGE_STANDARD = "gnu++14";
				CLANG_CXX_LIBRARY = "libc++";
				CLANG_ENABLE_MODULES = YES;
				CLANG_ENABLE_OBJC_ARC = YES;
				CLANG_ENABLE_OBJC_WEAK = YES;
				CLANG_WARN_BLOCK_CAPTURE_AUTORELEASING = YES;
				CLANG_WARN_BOOL_CONVERSION = YES;
				CLANG_WARN_COMMA = YES;
				CLANG_WARN_CONSTANT_CONVERSION = YES;
				CLANG_WARN_DEPRECATED_OBJC_IMPLEMENTATIONS = YES;
				CLANG_WARN_DIRECT_OBJC_ISA_USAGE = YES_ERROR;
				CLANG_WARN_DOCUMENTATION_COMMENTS = YES;
				CLANG_WARN_EMPTY_BODY = YES;
				CLANG_WARN_ENUM_CONVERSION = YES;
				CLANG_WARN_INFINITE_RECURSION = YES;
				CLANG_WARN_INT_CONVERSION = YES;
				CLANG_WARN_NON_LITERAL_NULL_CONVERSION = YES;
				CLANG_WARN_OBJC_IMPLICIT_RETAIN_SELF = YES;
				CLANG_WARN_OBJC_LITERAL_CONVERSION = YES;
				CLANG_WARN_OBJC_ROOT_CLASS = YES_ERROR;
				CLANG_WARN_QUOTED_INCLUDE_IN_FRAMEWORK_HEADER = YES;
				CLANG_WARN_RANGE_LOOP_ANALYSIS = YES;
				CLANG_WARN_STRICT_PROTOTYPES = YES;
				CLANG_WARN_SUSPICIOUS_MOVE = YES;
				CLANG_WARN_UNGUARDED_AVAILABILITY = YES_AGGRESSIVE;
				CLANG_WARN_UNREACHABLE_CODE = YES;
				CLANG_WARN__DUPLICATE_METHOD_MATCH = YES;
				COPY_PHASE_STRIP = NO;
				DEBUG_INFORMATION_FORMAT = dwarf;
				ENABLE_STRICT_OBJC_MSGSEND = YES;
				ENABLE_TESTABILITY = YES;
				GCC_C_LANGUAGE_STANDARD = gnu11;
				GCC_DYNAMIC_NO_PIC = NO;
				GCC_NO_COMMON_BLOCKS = YES;
				GCC_OPTIMIZATION_LEVEL = 0;
				GCC_PREPROCESSOR_DEFINITIONS = (
					"DEBUG=1",
					"$(inherited)",
				);
				GCC_WARN_64_TO_32_BIT_CONVERSION = YES;
				GCC_WARN_ABOUT_RETURN_TYPE = YES_ERROR;
				GCC_WARN_UNDECLARED_SELECTOR = YES;
				GCC_WARN_UNINITIALIZED_AUTOS = YES_AGGRESSIVE;
				GCC_WARN_UNUSED_FUNCTION = YES;
				GCC_WARN_UNUSED_VARIABLE = YES;
				IPHONEOS_DEPLOYMENT_TARGET = 14.4;
				MTL_ENABLE_DEBUG_INFO = INCLUDE_SOURCE;
				MTL_FAST_MATH = YES;
				ONLY_ACTIVE_ARCH = YES;
				SDKROOT = iphoneos;
				SWIFT_ACTIVE_COMPILATION_CONDITIONS = DEBUG;
				SWIFT_OPTIMIZATION_LEVEL = "-Onone";
			};
			name = Debug;
		};
		8D06FFA126EADC6500782CD8 /* Release */ = {
			isa = XCBuildConfiguration;
			buildSettings = {
				ALWAYS_SEARCH_USER_PATHS = NO;
				CLANG_ANALYZER_NONNULL = YES;
				CLANG_ANALYZER_NUMBER_OBJECT_CONVERSION = YES_AGGRESSIVE;
				CLANG_CXX_LANGUAGE_STANDARD = "gnu++14";
				CLANG_CXX_LIBRARY = "libc++";
				CLANG_ENABLE_MODULES = YES;
				CLANG_ENABLE_OBJC_ARC = YES;
				CLANG_ENABLE_OBJC_WEAK = YES;
				CLANG_WARN_BLOCK_CAPTURE_AUTORELEASING = YES;
				CLANG_WARN_BOOL_CONVERSION = YES;
				CLANG_WARN_COMMA = YES;
				CLANG_WARN_CONSTANT_CONVERSION = YES;
				CLANG_WARN_DEPRECATED_OBJC_IMPLEMENTATIONS = YES;
				CLANG_WARN_DIRECT_OBJC_ISA_USAGE = YES_ERROR;
				CLANG_WARN_DOCUMENTATION_COMMENTS = YES;
				CLANG_WARN_EMPTY_BODY = YES;
				CLANG_WARN_ENUM_CONVERSION = YES;
				CLANG_WARN_INFINITE_RECURSION = YES;
				CLANG_WARN_INT_CONVERSION = YES;
				CLANG_WARN_NON_LITERAL_NULL_CONVERSION = YES;
				CLANG_WARN_OBJC_IMPLICIT_RETAIN_SELF = YES;
				CLANG_WARN_OBJC_LITERAL_CONVERSION = YES;
				CLANG_WARN_OBJC_ROOT_CLASS = YES_ERROR;
				CLANG_WARN_QUOTED_INCLUDE_IN_FRAMEWORK_HEADER = YES;
				CLANG_WARN_RANGE_LOOP_ANALYSIS = YES;
				CLANG_WARN_STRICT_PROTOTYPES = YES;
				CLANG_WARN_SUSPICIOUS_MOVE = YES;
				CLANG_WARN_UNGUARDED_AVAILABILITY = YES_AGGRESSIVE;
				CLANG_WARN_UNREACHABLE_CODE = YES;
				CLANG_WARN__DUPLICATE_METHOD_MATCH = YES;
				COPY_PHASE_STRIP = NO;
				DEBUG_INFORMATION_FORMAT = "dwarf-with-dsym";
				ENABLE_NS_ASSERTIONS = NO;
				ENABLE_STRICT_OBJC_MSGSEND = YES;
				GCC_C_LANGUAGE_STANDARD = gnu11;
				GCC_NO_COMMON_BLOCKS = YES;
				GCC_WARN_64_TO_32_BIT_CONVERSION = YES;
				GCC_WARN_ABOUT_RETURN_TYPE = YES_ERROR;
				GCC_WARN_UNDECLARED_SELECTOR = YES;
				GCC_WARN_UNINITIALIZED_AUTOS = YES_AGGRESSIVE;
				GCC_WARN_UNUSED_FUNCTION = YES;
				GCC_WARN_UNUSED_VARIABLE = YES;
				IPHONEOS_DEPLOYMENT_TARGET = 14.4;
				MTL_ENABLE_DEBUG_INFO = NO;
				MTL_FAST_MATH = YES;
				SDKROOT = iphoneos;
				SWIFT_COMPILATION_MODE = wholemodule;
				SWIFT_OPTIMIZATION_LEVEL = "-O";
				VALIDATE_PRODUCT = YES;
			};
			name = Release;
		};
		8D06FFA326EADC6500782CD8 /* Debug */ = {
			isa = XCBuildConfiguration;
			baseConfigurationReference = DAA700FC70D66115B6D44D3A /* Pods-Caritapp.debug.xcconfig */;
			buildSettings = {
				ASSETCATALOG_COMPILER_APPICON_NAME = AppIcon;
				ASSETCATALOG_COMPILER_GLOBAL_ACCENT_COLOR_NAME = AccentColor;
				CODE_SIGN_STYLE = Automatic;
				INFOPLIST_FILE = Caritapp/Info.plist;
				IPHONEOS_DEPLOYMENT_TARGET = 14.4;
				LD_RUNPATH_SEARCH_PATHS = (
					"$(inherited)",
					"@executable_path/Frameworks",
				);
				PRODUCT_BUNDLE_IDENTIFIER = com.caritas.app.Caritapp;
				PRODUCT_NAME = "$(TARGET_NAME)";
				SWIFT_VERSION = 5.0;
				TARGETED_DEVICE_FAMILY = "1,2";
			};
			name = Debug;
		};
		8D06FFA426EADC6500782CD8 /* Release */ = {
			isa = XCBuildConfiguration;
			baseConfigurationReference = 3C0EF92B0923608E8DA8365C /* Pods-Caritapp.release.xcconfig */;
			buildSettings = {
				ASSETCATALOG_COMPILER_APPICON_NAME = AppIcon;
				ASSETCATALOG_COMPILER_GLOBAL_ACCENT_COLOR_NAME = AccentColor;
				CODE_SIGN_STYLE = Automatic;
				INFOPLIST_FILE = Caritapp/Info.plist;
				IPHONEOS_DEPLOYMENT_TARGET = 14.4;
				LD_RUNPATH_SEARCH_PATHS = (
					"$(inherited)",
					"@executable_path/Frameworks",
				);
				PRODUCT_BUNDLE_IDENTIFIER = com.caritas.app.Caritapp;
				PRODUCT_NAME = "$(TARGET_NAME)";
				SWIFT_VERSION = 5.0;
				TARGETED_DEVICE_FAMILY = "1,2";
			};
			name = Release;
		};
		8D06FFA626EADC6500782CD8 /* Debug */ = {
			isa = XCBuildConfiguration;
			baseConfigurationReference = 36FB522007DCD949A1BAEDA1 /* Pods-CaritappTests.debug.xcconfig */;
			buildSettings = {
				ALWAYS_EMBED_SWIFT_STANDARD_LIBRARIES = YES;
				BUNDLE_LOADER = "$(TEST_HOST)";
				CODE_SIGN_STYLE = Automatic;
				INFOPLIST_FILE = CaritappTests/Info.plist;
				IPHONEOS_DEPLOYMENT_TARGET = 14.4;
				LD_RUNPATH_SEARCH_PATHS = (
					"$(inherited)",
					"@executable_path/Frameworks",
					"@loader_path/Frameworks",
				);
				PRODUCT_BUNDLE_IDENTIFIER = com.caritas.app.CaritappTests;
				PRODUCT_NAME = "$(TARGET_NAME)";
				SWIFT_VERSION = 5.0;
				TARGETED_DEVICE_FAMILY = "1,2";
				TEST_HOST = "$(BUILT_PRODUCTS_DIR)/Caritapp.app/Caritapp";
			};
			name = Debug;
		};
		8D06FFA726EADC6500782CD8 /* Release */ = {
			isa = XCBuildConfiguration;
			baseConfigurationReference = 065C834844891B5F583CC3AF /* Pods-CaritappTests.release.xcconfig */;
			buildSettings = {
				ALWAYS_EMBED_SWIFT_STANDARD_LIBRARIES = YES;
				BUNDLE_LOADER = "$(TEST_HOST)";
				CODE_SIGN_STYLE = Automatic;
				INFOPLIST_FILE = CaritappTests/Info.plist;
				IPHONEOS_DEPLOYMENT_TARGET = 14.4;
				LD_RUNPATH_SEARCH_PATHS = (
					"$(inherited)",
					"@executable_path/Frameworks",
					"@loader_path/Frameworks",
				);
				PRODUCT_BUNDLE_IDENTIFIER = com.caritas.app.CaritappTests;
				PRODUCT_NAME = "$(TARGET_NAME)";
				SWIFT_VERSION = 5.0;
				TARGETED_DEVICE_FAMILY = "1,2";
				TEST_HOST = "$(BUILT_PRODUCTS_DIR)/Caritapp.app/Caritapp";
			};
			name = Release;
		};
		8D06FFA926EADC6500782CD8 /* Debug */ = {
			isa = XCBuildConfiguration;
			baseConfigurationReference = 1B08494E491987AEC538760C /* Pods-Caritapp-CaritappUITests.debug.xcconfig */;
			buildSettings = {
				ALWAYS_EMBED_SWIFT_STANDARD_LIBRARIES = YES;
				CODE_SIGN_STYLE = Automatic;
				INFOPLIST_FILE = CaritappUITests/Info.plist;
				LD_RUNPATH_SEARCH_PATHS = (
					"$(inherited)",
					"@executable_path/Frameworks",
					"@loader_path/Frameworks",
				);
				PRODUCT_BUNDLE_IDENTIFIER = com.caritas.app.CaritappUITests;
				PRODUCT_NAME = "$(TARGET_NAME)";
				SWIFT_VERSION = 5.0;
				TARGETED_DEVICE_FAMILY = "1,2";
				TEST_TARGET_NAME = Caritapp;
			};
			name = Debug;
		};
		8D06FFAA26EADC6500782CD8 /* Release */ = {
			isa = XCBuildConfiguration;
			baseConfigurationReference = AA70F5AAC34B14B49299F86E /* Pods-Caritapp-CaritappUITests.release.xcconfig */;
			buildSettings = {
				ALWAYS_EMBED_SWIFT_STANDARD_LIBRARIES = YES;
				CODE_SIGN_STYLE = Automatic;
				INFOPLIST_FILE = CaritappUITests/Info.plist;
				LD_RUNPATH_SEARCH_PATHS = (
					"$(inherited)",
					"@executable_path/Frameworks",
					"@loader_path/Frameworks",
				);
				PRODUCT_BUNDLE_IDENTIFIER = com.caritas.app.CaritappUITests;
				PRODUCT_NAME = "$(TARGET_NAME)";
				SWIFT_VERSION = 5.0;
				TARGETED_DEVICE_FAMILY = "1,2";
				TEST_TARGET_NAME = Caritapp;
			};
			name = Release;
		};
/* End XCBuildConfiguration section */

/* Begin XCConfigurationList section */
		8D06FF7326EADC6400782CD8 /* Build configuration list for PBXProject "Caritapp" */ = {
			isa = XCConfigurationList;
			buildConfigurations = (
				8D06FFA026EADC6500782CD8 /* Debug */,
				8D06FFA126EADC6500782CD8 /* Release */,
			);
			defaultConfigurationIsVisible = 0;
			defaultConfigurationName = Release;
		};
		8D06FFA226EADC6500782CD8 /* Build configuration list for PBXNativeTarget "Caritapp" */ = {
			isa = XCConfigurationList;
			buildConfigurations = (
				8D06FFA326EADC6500782CD8 /* Debug */,
				8D06FFA426EADC6500782CD8 /* Release */,
			);
			defaultConfigurationIsVisible = 0;
			defaultConfigurationName = Release;
		};
		8D06FFA526EADC6500782CD8 /* Build configuration list for PBXNativeTarget "CaritappTests" */ = {
			isa = XCConfigurationList;
			buildConfigurations = (
				8D06FFA626EADC6500782CD8 /* Debug */,
				8D06FFA726EADC6500782CD8 /* Release */,
			);
			defaultConfigurationIsVisible = 0;
			defaultConfigurationName = Release;
		};
		8D06FFA826EADC6500782CD8 /* Build configuration list for PBXNativeTarget "CaritappUITests" */ = {
			isa = XCConfigurationList;
			buildConfigurations = (
				8D06FFA926EADC6500782CD8 /* Debug */,
				8D06FFAA26EADC6500782CD8 /* Release */,
			);
			defaultConfigurationIsVisible = 0;
			defaultConfigurationName = Release;
		};
/* End XCConfigurationList section */
	};
	rootObject = 8D06FF7026EADC6400782CD8 /* Project object */;
}
